// !$*UTF8*$!
{
	archiveVersion = 1;
	classes = {
	};
	objectVersion = 46;
	objects = {

/* Begin PBXBuildFile section */
		00C302E51ABCBA2D00DB3ED1 /* libRCTActionSheet.a in Frameworks */ = {isa = PBXBuildFile; fileRef = 00C302AC1ABCB8CE00DB3ED1 /* libRCTActionSheet.a */; };
		00C302E71ABCBA2D00DB3ED1 /* libRCTGeolocation.a in Frameworks */ = {isa = PBXBuildFile; fileRef = 00C302BA1ABCB90400DB3ED1 /* libRCTGeolocation.a */; };
		00C302E81ABCBA2D00DB3ED1 /* libRCTImage.a in Frameworks */ = {isa = PBXBuildFile; fileRef = 00C302C01ABCB91800DB3ED1 /* libRCTImage.a */; };
		00C302E91ABCBA2D00DB3ED1 /* libRCTNetwork.a in Frameworks */ = {isa = PBXBuildFile; fileRef = 00C302DC1ABCB9D200DB3ED1 /* libRCTNetwork.a */; };
		00C302EA1ABCBA2D00DB3ED1 /* libRCTVibration.a in Frameworks */ = {isa = PBXBuildFile; fileRef = 00C302E41ABCB9EE00DB3ED1 /* libRCTVibration.a */; };
		00E356F31AD99517003FC87E /* glluTests.m in Sources */ = {isa = PBXBuildFile; fileRef = 00E356F21AD99517003FC87E /* glluTests.m */; };
		00EE382FE39D42E48D6B5928 /* MaterialIcons.ttf in Resources */ = {isa = PBXBuildFile; fileRef = 476C4CDE67FC4A89AB1B005D /* MaterialIcons.ttf */; };
		133E29F31AD74F7200F7D852 /* libRCTLinking.a in Frameworks */ = {isa = PBXBuildFile; fileRef = 78C398B91ACF4ADC00677621 /* libRCTLinking.a */; };
		139105C61AF99C1200B5F7CC /* libRCTSettings.a in Frameworks */ = {isa = PBXBuildFile; fileRef = 139105C11AF99BAD00B5F7CC /* libRCTSettings.a */; };
		139FDEF61B0652A700C62182 /* libRCTWebSocket.a in Frameworks */ = {isa = PBXBuildFile; fileRef = 139FDEF41B06529B00C62182 /* libRCTWebSocket.a */; };
		13B07FBC1A68108700A75B9A /* AppDelegate.m in Sources */ = {isa = PBXBuildFile; fileRef = 13B07FB01A68108700A75B9A /* AppDelegate.m */; };
		13B07FBD1A68108700A75B9A /* LaunchScreen.xib in Resources */ = {isa = PBXBuildFile; fileRef = 13B07FB11A68108700A75B9A /* LaunchScreen.xib */; };
		13B07FBF1A68108700A75B9A /* Images.xcassets in Resources */ = {isa = PBXBuildFile; fileRef = 13B07FB51A68108700A75B9A /* Images.xcassets */; };
		13B07FC11A68108700A75B9A /* main.m in Sources */ = {isa = PBXBuildFile; fileRef = 13B07FB71A68108700A75B9A /* main.m */; };
		140ED2AC1D01E1AD002B40FF /* libReact.a in Frameworks */ = {isa = PBXBuildFile; fileRef = 146834041AC3E56700842450 /* libReact.a */; };
		146834051AC3E58100842450 /* libReact.a in Frameworks */ = {isa = PBXBuildFile; fileRef = 146834041AC3E56700842450 /* libReact.a */; };
		1737D333132E43D688CFF506 /* Entypo.ttf in Resources */ = {isa = PBXBuildFile; fileRef = 98D1B9999768496FBFB2D230 /* Entypo.ttf */; };
		1866995F8EB34FC1930BD50E /* libCodePush.a in Frameworks */ = {isa = PBXBuildFile; fileRef = F9EAE8D736B84131A0BE302D /* libCodePush.a */; };
		1FA1E659D055463B945A72D8 /* Arial Black.ttf in Resources */ = {isa = PBXBuildFile; fileRef = C088D1238D1B457992234ACE /* Arial Black.ttf */; };
		22526CA9FC3947D18AE201AC /* Comic Sans MS.ttf in Resources */ = {isa = PBXBuildFile; fileRef = F806C0487C1A4BF7B4512C40 /* Comic Sans MS.ttf */; };
		4A13ECC6B442412D8DE5CD9A /* libBVLinearGradient.a in Frameworks */ = {isa = PBXBuildFile; fileRef = A011C62B8B304B13B116B84A /* libBVLinearGradient.a */; };
		4B83A7C864134355AFD01B42 /* Courier New.ttf in Resources */ = {isa = PBXBuildFile; fileRef = 500B07A619DA41C79E79CD12 /* Courier New.ttf */; };
		4E052BF26E6D4B29966A767B /* Skia.ttf in Resources */ = {isa = PBXBuildFile; fileRef = 6C9C1E7C9F814080B4281DBB /* Skia.ttf */; };
		57DDA7698E1F4960A71E78A0 /* Andale Mono.ttf in Resources */ = {isa = PBXBuildFile; fileRef = E16DC894766245298EE724D4 /* Andale Mono.ttf */; };
		5B26F3762A9E4C5B8DF166DA /* Zocial.ttf in Resources */ = {isa = PBXBuildFile; fileRef = BBF3BF47BAE842099CA57B8A /* Zocial.ttf */; };
		5C684BDF724643C288E4DE94 /* EvilIcons.ttf in Resources */ = {isa = PBXBuildFile; fileRef = 7759F09454634C7DA5E0989C /* EvilIcons.ttf */; };
		624A9EFA5E7E45039AD8BB01 /* libReactNativeConfig.a in Frameworks */ = {isa = PBXBuildFile; fileRef = 62F3FFD4390546D3B254EF38 /* libReactNativeConfig.a */; };
		636632ED1E3F468900BBB34D /* RSKImageCropper.framework in Frameworks */ = {isa = PBXBuildFile; fileRef = 636632EC1E3F468900BBB34D /* RSKImageCropper.framework */; };
		636632EE1E3F468900BBB34D /* RSKImageCropper.framework in Embed Frameworks */ = {isa = PBXBuildFile; fileRef = 636632EC1E3F468900BBB34D /* RSKImageCropper.framework */; settings = {ATTRIBUTES = (CodeSignOnCopy, RemoveHeadersOnCopy, ); }; };
		64C34B1020F44AC9A466E2F4 /* FontAwesome.ttf in Resources */ = {isa = PBXBuildFile; fileRef = 6FDFABFC19A34E9E8EC2AF8A /* FontAwesome.ttf */; };
		77CC25145EAD4DABA136676C /* SF-UI-Text-Regular.otf in Resources */ = {isa = PBXBuildFile; fileRef = 4F010170E6FB4AC494C7E102 /* SF-UI-Text-Regular.otf */; };
		792ACA8802694CC7B71DD99A /* Arial.ttf in Resources */ = {isa = PBXBuildFile; fileRef = 99422D82CFB44D01A9B36C8B /* Arial.ttf */; };
		832341BD1AAA6AB300B99B32 /* libRCTText.a in Frameworks */ = {isa = PBXBuildFile; fileRef = 832341B51AAA6A8300B99B32 /* libRCTText.a */; };
		98DEA545FFE14C6FA0CD3F4C /* Times New Roman.ttf in Resources */ = {isa = PBXBuildFile; fileRef = 9CB7D2E3BE024C71B60888B9 /* Times New Roman.ttf */; };
		9A156E7A1C6340C8843C0D34 /* Ionicons.ttf in Resources */ = {isa = PBXBuildFile; fileRef = 7BAB309E223B4A23B6F5F36F /* Ionicons.ttf */; };
		9CB15071635240FE9A394C36 /* libRNVectorIcons.a in Frameworks */ = {isa = PBXBuildFile; fileRef = 1407E961A4DD43838E1FB8D2 /* libRNVectorIcons.a */; };
		A99752E4EDCB40839A8AE3B6 /* libz.tbd in Frameworks */ = {isa = PBXBuildFile; fileRef = CCB86FE5FBC94155832F3959 /* libz.tbd */; };
		AACC05A1C0CE43759AEE30DB /* Roboto_medium.ttf in Resources */ = {isa = PBXBuildFile; fileRef = 8557EDCA40D34D28A3AAC597 /* Roboto_medium.ttf */; };
		BAEF612764A94B0486DDF744 /* libRCTOrientation.a in Frameworks */ = {isa = PBXBuildFile; fileRef = 211256DE28B24AD09274CF4B /* libRCTOrientation.a */; };
		C19A7827975440EE9833BBAD /* Georgia.ttf in Resources */ = {isa = PBXBuildFile; fileRef = C1C23EDB4976439192ADB765 /* Georgia.ttf */; };
		C3AA3960893448EBAEA6C9B8 /* Microsoft Sans Serif.ttf in Resources */ = {isa = PBXBuildFile; fileRef = 17D3F07812774530A43EC6D4 /* Microsoft Sans Serif.ttf */; };
		C54905B8E76E49A49BCA76CC /* Octicons.ttf in Resources */ = {isa = PBXBuildFile; fileRef = 33D88D6CB77D4E0F877BC10F /* Octicons.ttf */; };
		CEFBEA4C1E0C205500F793D1 /* FBSDKCoreKit.h in Frameworks */ = {isa = PBXBuildFile; fileRef = CEFBEA4B1E0C205500F793D1 /* FBSDKCoreKit.h */; };
		D03B93D81E13D5AF00DDE832 /* Montserrat-Bold.ttf in Resources */ = {isa = PBXBuildFile; fileRef = D03B93D01E13D5AF00DDE832 /* Montserrat-Bold.ttf */; };
		D03B93D91E13D5AF00DDE832 /* Montserrat-Regular.ttf in Resources */ = {isa = PBXBuildFile; fileRef = D03B93D11E13D5AF00DDE832 /* Montserrat-Regular.ttf */; };
		D03B93DA1E13D5AF00DDE832 /* PlayfairDisplay-Black.ttf in Resources */ = {isa = PBXBuildFile; fileRef = D03B93D21E13D5AF00DDE832 /* PlayfairDisplay-Black.ttf */; };
		D03B93DB1E13D5AF00DDE832 /* PlayfairDisplay-BlackItalic.ttf in Resources */ = {isa = PBXBuildFile; fileRef = D03B93D31E13D5AF00DDE832 /* PlayfairDisplay-BlackItalic.ttf */; };
		D03B93DC1E13D5AF00DDE832 /* PlayfairDisplay-Bold.ttf in Resources */ = {isa = PBXBuildFile; fileRef = D03B93D41E13D5AF00DDE832 /* PlayfairDisplay-Bold.ttf */; };
		D03B93DD1E13D5AF00DDE832 /* PlayfairDisplay-BoldItalic.ttf in Resources */ = {isa = PBXBuildFile; fileRef = D03B93D51E13D5AF00DDE832 /* PlayfairDisplay-BoldItalic.ttf */; };
		D03B93DE1E13D5AF00DDE832 /* PlayfairDisplay-Italic.ttf in Resources */ = {isa = PBXBuildFile; fileRef = D03B93D61E13D5AF00DDE832 /* PlayfairDisplay-Italic.ttf */; };
		D03B93DF1E13D5AF00DDE832 /* PlayfairDisplay-Regular.ttf in Resources */ = {isa = PBXBuildFile; fileRef = D03B93D71E13D5AF00DDE832 /* PlayfairDisplay-Regular.ttf */; };
		D0530FF350DE4B5AAAD45C6F /* libimageCropPicker.a in Frameworks */ = {isa = PBXBuildFile; fileRef = 0C4965A14E2546E9A9F95997 /* libimageCropPicker.a */; };
		D06643491E00E5F500DCEFDE /* libBolts.a in Frameworks */ = {isa = PBXBuildFile; fileRef = D06643441E00E5F500DCEFDE /* libBolts.a */; };
		D066434A1E00E5F500DCEFDE /* libFBSDKCoreKit.a in Frameworks */ = {isa = PBXBuildFile; fileRef = D06643451E00E5F500DCEFDE /* libFBSDKCoreKit.a */; };
		D066434B1E00E5F500DCEFDE /* libFBSDKLoginKit.a in Frameworks */ = {isa = PBXBuildFile; fileRef = D06643461E00E5F500DCEFDE /* libFBSDKLoginKit.a */; };
		D066434C1E00E5F500DCEFDE /* libFBSDKShareKit.a in Frameworks */ = {isa = PBXBuildFile; fileRef = D06643471E00E5F500DCEFDE /* libFBSDKShareKit.a */; };
		D066434D1E00E5F500DCEFDE /* libPods-gllu.a in Frameworks */ = {isa = PBXBuildFile; fileRef = D06643481E00E5F500DCEFDE /* libPods-gllu.a */; };
		D0D574611E4373C700A32C7D /* FileUpload.m in Sources */ = {isa = PBXBuildFile; fileRef = D0D574601E4373C700A32C7D /* FileUpload.m */; };
		DB843DEF3EA144819620A980 /* libRCTFBSDK.a in Frameworks */ = {isa = PBXBuildFile; fileRef = 270A5312FCF34EAD8C6CC8ED /* libRCTFBSDK.a */; };
		E04365D97E43443DAB3325CC /* libRCTMaterialKit.a in Frameworks */ = {isa = PBXBuildFile; fileRef = 03FE0E3882D34356B0AF0020 /* libRCTMaterialKit.a */; };
		E0F12302FA8D4D1DABFB04DE /* libRCTVideo.a in Frameworks */ = {isa = PBXBuildFile; fileRef = D8DB6758286D4ED38746AAB6 /* libRCTVideo.a */; };
		E1F82379AF874C81A759EF9E /* Foundation.ttf in Resources */ = {isa = PBXBuildFile; fileRef = E84A8501BA8149F0A53F9964 /* Foundation.ttf */; };
		EC99D906B7C45F900C10F08F /* libPods-gllu.a in Frameworks */ = {isa = PBXBuildFile; fileRef = A0769BE554497F447F415744 /* libPods-gllu.a */; };
		FF6D81E1B9D54CB7B21B39BD /* Roboto.ttf in Resources */ = {isa = PBXBuildFile; fileRef = F49AC9E1EAB74B129ECDC20E /* Roboto.ttf */; };
/* End PBXBuildFile section */

/* Begin PBXContainerItemProxy section */
		00C302AB1ABCB8CE00DB3ED1 /* PBXContainerItemProxy */ = {
			isa = PBXContainerItemProxy;
			containerPortal = 00C302A71ABCB8CE00DB3ED1 /* RCTActionSheet.xcodeproj */;
			proxyType = 2;
			remoteGlobalIDString = 134814201AA4EA6300B7C361;
			remoteInfo = RCTActionSheet;
		};
		00C302B91ABCB90400DB3ED1 /* PBXContainerItemProxy */ = {
			isa = PBXContainerItemProxy;
			containerPortal = 00C302B51ABCB90400DB3ED1 /* RCTGeolocation.xcodeproj */;
			proxyType = 2;
			remoteGlobalIDString = 134814201AA4EA6300B7C361;
			remoteInfo = RCTGeolocation;
		};
		00C302BF1ABCB91800DB3ED1 /* PBXContainerItemProxy */ = {
			isa = PBXContainerItemProxy;
			containerPortal = 00C302BB1ABCB91800DB3ED1 /* RCTImage.xcodeproj */;
			proxyType = 2;
			remoteGlobalIDString = 58B5115D1A9E6B3D00147676;
			remoteInfo = RCTImage;
		};
		00C302DB1ABCB9D200DB3ED1 /* PBXContainerItemProxy */ = {
			isa = PBXContainerItemProxy;
			containerPortal = 00C302D31ABCB9D200DB3ED1 /* RCTNetwork.xcodeproj */;
			proxyType = 2;
			remoteGlobalIDString = 58B511DB1A9E6C8500147676;
			remoteInfo = RCTNetwork;
		};
		00C302E31ABCB9EE00DB3ED1 /* PBXContainerItemProxy */ = {
			isa = PBXContainerItemProxy;
			containerPortal = 00C302DF1ABCB9EE00DB3ED1 /* RCTVibration.xcodeproj */;
			proxyType = 2;
			remoteGlobalIDString = 832C81801AAF6DEF007FA2F7;
			remoteInfo = RCTVibration;
		};
		00E356F41AD99517003FC87E /* PBXContainerItemProxy */ = {
			isa = PBXContainerItemProxy;
			containerPortal = 83CBB9F71A601CBA00E9B192 /* Project object */;
			proxyType = 1;
			remoteGlobalIDString = 13B07F861A680F5B00A75B9A;
			remoteInfo = gllu;
		};
		139105C01AF99BAD00B5F7CC /* PBXContainerItemProxy */ = {
			isa = PBXContainerItemProxy;
			containerPortal = 139105B61AF99BAD00B5F7CC /* RCTSettings.xcodeproj */;
			proxyType = 2;
			remoteGlobalIDString = 134814201AA4EA6300B7C361;
			remoteInfo = RCTSettings;
		};
		139FDEF31B06529B00C62182 /* PBXContainerItemProxy */ = {
			isa = PBXContainerItemProxy;
			containerPortal = 139FDEE61B06529A00C62182 /* RCTWebSocket.xcodeproj */;
			proxyType = 2;
			remoteGlobalIDString = 3C86DF461ADF2C930047B81A;
			remoteInfo = RCTWebSocket;
		};
		146834031AC3E56700842450 /* PBXContainerItemProxy */ = {
			isa = PBXContainerItemProxy;
			containerPortal = 146833FF1AC3E56700842450 /* React.xcodeproj */;
			proxyType = 2;
			remoteGlobalIDString = 83CBBA2E1A601D0E00E9B192;
			remoteInfo = React;
		};
		54FF13FA1DDB27B300AD9539 /* PBXContainerItemProxy */ = {
			isa = PBXContainerItemProxy;
			containerPortal = FD6E163DAD9E4D3487A63A01 /* RCTFBSDK.xcodeproj */;
			proxyType = 2;
			remoteGlobalIDString = 9350E0F11CE3B0920041D815;
			remoteInfo = RCTFBSDK;
		};
		6391412E1E436463004EABCC /* PBXContainerItemProxy */ = {
			isa = PBXContainerItemProxy;
			containerPortal = A33F83D9B2A64017897F4D81 /* BVLinearGradient.xcodeproj */;
			proxyType = 2;
			remoteGlobalIDString = 134814201AA4EA6300B7C361;
			remoteInfo = BVLinearGradient;
		};
		78C398B81ACF4ADC00677621 /* PBXContainerItemProxy */ = {
			isa = PBXContainerItemProxy;
			containerPortal = 78C398B01ACF4ADC00677621 /* RCTLinking.xcodeproj */;
			proxyType = 2;
			remoteGlobalIDString = 134814201AA4EA6300B7C361;
			remoteInfo = RCTLinking;
		};
		832341B41AAA6A8300B99B32 /* PBXContainerItemProxy */ = {
			isa = PBXContainerItemProxy;
			containerPortal = 832341B01AAA6A8300B99B32 /* RCTText.xcodeproj */;
			proxyType = 2;
			remoteGlobalIDString = 58B5119B1A9E6C1200147676;
			remoteInfo = RCTText;
		};
		CE2E26D71E0D040800BFC37D /* PBXContainerItemProxy */ = {
			isa = PBXContainerItemProxy;
			containerPortal = BAA585B880EA41FAA144AFD6 /* ImageCropPicker.xcodeproj */;
			proxyType = 2;
			remoteGlobalIDString = 3400A8081CEB54A6008A0BC7;
			remoteInfo = imageCropPicker;
		};
		CE5C5B031E1B82F0008B8C3C /* PBXContainerItemProxy */ = {
			isa = PBXContainerItemProxy;
			containerPortal = 23B146EF27FC4F8688ADC480 /* RCTOrientation.xcodeproj */;
			proxyType = 2;
			remoteGlobalIDString = 134814201AA4EA6300B7C361;
			remoteInfo = RCTOrientation;
		};
		CEFACEC01E232C5A00E6788B /* PBXContainerItemProxy */ = {
			isa = PBXContainerItemProxy;
			containerPortal = 8BAE1EB8BC704C7697557C8C /* RCTVideo.xcodeproj */;
			proxyType = 2;
			remoteGlobalIDString = 134814201AA4EA6300B7C361;
			remoteInfo = RCTVideo;
		};
		D086B5881E005F4900E7D55F /* PBXContainerItemProxy */ = {
			isa = PBXContainerItemProxy;
			containerPortal = 65DD188C568749D9AC549134 /* CodePush.xcodeproj */;
			proxyType = 2;
			remoteGlobalIDString = 134814201AA4EA6300B7C361;
			remoteInfo = CodePush;
		};
		D086B58F1E005F4900E7D55F /* PBXContainerItemProxy */ = {
			isa = PBXContainerItemProxy;
			containerPortal = 4C47E8351A744B15A5C35049 /* RCTMaterialKit.xcodeproj */;
			proxyType = 2;
			remoteGlobalIDString = 8A1B8E771B22E4E300DB45C2;
			remoteInfo = RCTMaterialKit;
		};
		D086B5981E005F4900E7D55F /* PBXContainerItemProxy */ = {
			isa = PBXContainerItemProxy;
			containerPortal = 3BE0BE98BE3E4037ABFE58D8 /* RNVectorIcons.xcodeproj */;
			proxyType = 2;
			remoteGlobalIDString = 5DBEB1501B18CEA900B34395;
			remoteInfo = RNVectorIcons;
		};
		D09879C71E48F5EF00DCEB90 /* PBXContainerItemProxy */ = {
			isa = PBXContainerItemProxy;
			containerPortal = E306EADEFCF3420F995D7665 /* ReactNativeConfig.xcodeproj */;
			proxyType = 2;
			remoteGlobalIDString = EB2648DF1C7BE17A00B8F155;
			remoteInfo = ReactNativeConfig;
		};
/* End PBXContainerItemProxy section */

/* Begin PBXCopyFilesBuildPhase section */
		636632EF1E3F468A00BBB34D /* Embed Frameworks */ = {
			isa = PBXCopyFilesBuildPhase;
			buildActionMask = 2147483647;
			dstPath = "";
			dstSubfolderSpec = 10;
			files = (
				636632EE1E3F468900BBB34D /* RSKImageCropper.framework in Embed Frameworks */,
			);
			name = "Embed Frameworks";
			runOnlyForDeploymentPostprocessing = 0;
		};
/* End PBXCopyFilesBuildPhase section */

/* Begin PBXFileReference section */
		008F07F21AC5B25A0029DE68 /* main.jsbundle */ = {isa = PBXFileReference; fileEncoding = 4; lastKnownFileType = text; path = main.jsbundle; sourceTree = "<group>"; };
		00C302A71ABCB8CE00DB3ED1 /* RCTActionSheet.xcodeproj */ = {isa = PBXFileReference; lastKnownFileType = "wrapper.pb-project"; name = RCTActionSheet.xcodeproj; path = "../node_modules/react-native/Libraries/ActionSheetIOS/RCTActionSheet.xcodeproj"; sourceTree = "<group>"; };
		00C302B51ABCB90400DB3ED1 /* RCTGeolocation.xcodeproj */ = {isa = PBXFileReference; lastKnownFileType = "wrapper.pb-project"; name = RCTGeolocation.xcodeproj; path = "../node_modules/react-native/Libraries/Geolocation/RCTGeolocation.xcodeproj"; sourceTree = "<group>"; };
		00C302BB1ABCB91800DB3ED1 /* RCTImage.xcodeproj */ = {isa = PBXFileReference; lastKnownFileType = "wrapper.pb-project"; name = RCTImage.xcodeproj; path = "../node_modules/react-native/Libraries/Image/RCTImage.xcodeproj"; sourceTree = "<group>"; };
		00C302D31ABCB9D200DB3ED1 /* RCTNetwork.xcodeproj */ = {isa = PBXFileReference; lastKnownFileType = "wrapper.pb-project"; name = RCTNetwork.xcodeproj; path = "../node_modules/react-native/Libraries/Network/RCTNetwork.xcodeproj"; sourceTree = "<group>"; };
		00C302DF1ABCB9EE00DB3ED1 /* RCTVibration.xcodeproj */ = {isa = PBXFileReference; lastKnownFileType = "wrapper.pb-project"; name = RCTVibration.xcodeproj; path = "../node_modules/react-native/Libraries/Vibration/RCTVibration.xcodeproj"; sourceTree = "<group>"; };
		00E356EE1AD99517003FC87E /* glluTests.xctest */ = {isa = PBXFileReference; explicitFileType = wrapper.cfbundle; includeInIndex = 0; path = glluTests.xctest; sourceTree = BUILT_PRODUCTS_DIR; };
		00E356F11AD99517003FC87E /* Info.plist */ = {isa = PBXFileReference; lastKnownFileType = text.plist.xml; path = Info.plist; sourceTree = "<group>"; };
		00E356F21AD99517003FC87E /* glluTests.m */ = {isa = PBXFileReference; lastKnownFileType = sourcecode.c.objc; path = glluTests.m; sourceTree = "<group>"; };
		03FE0E3882D34356B0AF0020 /* libRCTMaterialKit.a */ = {isa = PBXFileReference; explicitFileType = undefined; fileEncoding = 9; includeInIndex = 0; lastKnownFileType = archive.ar; path = libRCTMaterialKit.a; sourceTree = "<group>"; };
		0C4965A14E2546E9A9F95997 /* libimageCropPicker.a */ = {isa = PBXFileReference; explicitFileType = undefined; fileEncoding = 9; includeInIndex = 0; lastKnownFileType = archive.ar; path = libimageCropPicker.a; sourceTree = "<group>"; };
		139105B61AF99BAD00B5F7CC /* RCTSettings.xcodeproj */ = {isa = PBXFileReference; lastKnownFileType = "wrapper.pb-project"; name = RCTSettings.xcodeproj; path = "../node_modules/react-native/Libraries/Settings/RCTSettings.xcodeproj"; sourceTree = "<group>"; };
		139FDEE61B06529A00C62182 /* RCTWebSocket.xcodeproj */ = {isa = PBXFileReference; lastKnownFileType = "wrapper.pb-project"; name = RCTWebSocket.xcodeproj; path = "../node_modules/react-native/Libraries/WebSocket/RCTWebSocket.xcodeproj"; sourceTree = "<group>"; };
		13B07F961A680F5B00A75B9A /* gllu.app */ = {isa = PBXFileReference; explicitFileType = wrapper.application; includeInIndex = 0; path = gllu.app; sourceTree = BUILT_PRODUCTS_DIR; };
		13B07FAF1A68108700A75B9A /* AppDelegate.h */ = {isa = PBXFileReference; fileEncoding = 4; lastKnownFileType = sourcecode.c.h; name = AppDelegate.h; path = gllu/AppDelegate.h; sourceTree = "<group>"; };
		13B07FB01A68108700A75B9A /* AppDelegate.m */ = {isa = PBXFileReference; fileEncoding = 4; lastKnownFileType = sourcecode.c.objc; name = AppDelegate.m; path = gllu/AppDelegate.m; sourceTree = "<group>"; };
		13B07FB21A68108700A75B9A /* Base */ = {isa = PBXFileReference; lastKnownFileType = file.xib; name = Base; path = Base.lproj/LaunchScreen.xib; sourceTree = "<group>"; };
		13B07FB51A68108700A75B9A /* Images.xcassets */ = {isa = PBXFileReference; lastKnownFileType = folder.assetcatalog; name = Images.xcassets; path = gllu/Images.xcassets; sourceTree = "<group>"; };
		13B07FB61A68108700A75B9A /* Info.plist */ = {isa = PBXFileReference; fileEncoding = 4; lastKnownFileType = text.plist.xml; name = Info.plist; path = gllu/Info.plist; sourceTree = "<group>"; };
		13B07FB71A68108700A75B9A /* main.m */ = {isa = PBXFileReference; fileEncoding = 4; lastKnownFileType = sourcecode.c.objc; name = main.m; path = gllu/main.m; sourceTree = "<group>"; };
		1407E961A4DD43838E1FB8D2 /* libRNVectorIcons.a */ = {isa = PBXFileReference; explicitFileType = undefined; fileEncoding = 9; includeInIndex = 0; lastKnownFileType = archive.ar; path = libRNVectorIcons.a; sourceTree = "<group>"; };
		146833FF1AC3E56700842450 /* React.xcodeproj */ = {isa = PBXFileReference; lastKnownFileType = "wrapper.pb-project"; name = React.xcodeproj; path = "../node_modules/react-native/React/React.xcodeproj"; sourceTree = "<group>"; };
		17D3F07812774530A43EC6D4 /* Microsoft Sans Serif.ttf */ = {isa = PBXFileReference; explicitFileType = undefined; fileEncoding = 9; includeInIndex = 0; lastKnownFileType = unknown; name = "Microsoft Sans Serif.ttf"; path = "../node_modules/native-base/Fonts/Microsoft Sans Serif.ttf"; sourceTree = "<group>"; };
		211256DE28B24AD09274CF4B /* libRCTOrientation.a */ = {isa = PBXFileReference; explicitFileType = undefined; fileEncoding = 9; includeInIndex = 0; lastKnownFileType = archive.ar; path = libRCTOrientation.a; sourceTree = "<group>"; };
		23B146EF27FC4F8688ADC480 /* RCTOrientation.xcodeproj */ = {isa = PBXFileReference; explicitFileType = undefined; fileEncoding = 9; includeInIndex = 0; lastKnownFileType = "wrapper.pb-project"; name = RCTOrientation.xcodeproj; path = "../node_modules/react-native-orientation/iOS/RCTOrientation.xcodeproj"; sourceTree = "<group>"; };
		270A5312FCF34EAD8C6CC8ED /* libRCTFBSDK.a */ = {isa = PBXFileReference; explicitFileType = undefined; fileEncoding = 9; includeInIndex = 0; lastKnownFileType = archive.ar; path = libRCTFBSDK.a; sourceTree = "<group>"; };
		33D88D6CB77D4E0F877BC10F /* Octicons.ttf */ = {isa = PBXFileReference; explicitFileType = undefined; fileEncoding = 9; includeInIndex = 0; lastKnownFileType = unknown; name = Octicons.ttf; path = "../node_modules/react-native-vector-icons/Fonts/Octicons.ttf"; sourceTree = "<group>"; };
		3BE0BE98BE3E4037ABFE58D8 /* RNVectorIcons.xcodeproj */ = {isa = PBXFileReference; explicitFileType = undefined; fileEncoding = 9; includeInIndex = 0; lastKnownFileType = "wrapper.pb-project"; name = RNVectorIcons.xcodeproj; path = "../node_modules/react-native-vector-icons/RNVectorIcons.xcodeproj"; sourceTree = "<group>"; };
		476C4CDE67FC4A89AB1B005D /* MaterialIcons.ttf */ = {isa = PBXFileReference; explicitFileType = undefined; fileEncoding = 9; includeInIndex = 0; lastKnownFileType = unknown; name = MaterialIcons.ttf; path = "../node_modules/react-native-vector-icons/Fonts/MaterialIcons.ttf"; sourceTree = "<group>"; };
		4C47E8351A744B15A5C35049 /* RCTMaterialKit.xcodeproj */ = {isa = PBXFileReference; explicitFileType = undefined; fileEncoding = 9; includeInIndex = 0; lastKnownFileType = "wrapper.pb-project"; name = RCTMaterialKit.xcodeproj; path = "../node_modules/react-native-material-kit/iOS/RCTMaterialKit.xcodeproj"; sourceTree = "<group>"; };
		4F010170E6FB4AC494C7E102 /* SF-UI-Text-Regular.otf */ = {isa = PBXFileReference; explicitFileType = undefined; fileEncoding = 9; includeInIndex = 0; lastKnownFileType = unknown; name = "SF-UI-Text-Regular.otf"; path = "../node_modules/native-base/Fonts/SF-UI-Text-Regular.otf"; sourceTree = "<group>"; };
		500B07A619DA41C79E79CD12 /* Courier New.ttf */ = {isa = PBXFileReference; explicitFileType = undefined; fileEncoding = 9; includeInIndex = 0; lastKnownFileType = unknown; name = "Courier New.ttf"; path = "../node_modules/native-base/Fonts/Courier New.ttf"; sourceTree = "<group>"; };
		5044B8F4ACD152F0D70BF795 /* Pods-gllu.release.xcconfig */ = {isa = PBXFileReference; includeInIndex = 1; lastKnownFileType = text.xcconfig; name = "Pods-gllu.release.xcconfig"; path = "Pods/Target Support Files/Pods-gllu/Pods-gllu.release.xcconfig"; sourceTree = "<group>"; };
		62F3FFD4390546D3B254EF38 /* libReactNativeConfig.a */ = {isa = PBXFileReference; explicitFileType = undefined; fileEncoding = 9; includeInIndex = 0; lastKnownFileType = archive.ar; path = libReactNativeConfig.a; sourceTree = "<group>"; };
		636632EC1E3F468900BBB34D /* RSKImageCropper.framework */ = {isa = PBXFileReference; explicitFileType = wrapper.framework; path = RSKImageCropper.framework; sourceTree = BUILT_PRODUCTS_DIR; };
		65DD188C568749D9AC549134 /* CodePush.xcodeproj */ = {isa = PBXFileReference; explicitFileType = undefined; fileEncoding = 9; includeInIndex = 0; lastKnownFileType = "wrapper.pb-project"; name = CodePush.xcodeproj; path = "../node_modules/react-native-code-push/ios/CodePush.xcodeproj"; sourceTree = "<group>"; };
		6C9C1E7C9F814080B4281DBB /* Skia.ttf */ = {isa = PBXFileReference; explicitFileType = undefined; fileEncoding = 9; includeInIndex = 0; lastKnownFileType = unknown; name = Skia.ttf; path = "../node_modules/native-base/Fonts/Skia.ttf"; sourceTree = "<group>"; };
		6FDFABFC19A34E9E8EC2AF8A /* FontAwesome.ttf */ = {isa = PBXFileReference; explicitFileType = undefined; fileEncoding = 9; includeInIndex = 0; lastKnownFileType = unknown; name = FontAwesome.ttf; path = "../node_modules/react-native-vector-icons/Fonts/FontAwesome.ttf"; sourceTree = "<group>"; };
		7759F09454634C7DA5E0989C /* EvilIcons.ttf */ = {isa = PBXFileReference; explicitFileType = undefined; fileEncoding = 9; includeInIndex = 0; lastKnownFileType = unknown; name = EvilIcons.ttf; path = "../node_modules/react-native-vector-icons/Fonts/EvilIcons.ttf"; sourceTree = "<group>"; };
		78C398B01ACF4ADC00677621 /* RCTLinking.xcodeproj */ = {isa = PBXFileReference; lastKnownFileType = "wrapper.pb-project"; name = RCTLinking.xcodeproj; path = "../node_modules/react-native/Libraries/LinkingIOS/RCTLinking.xcodeproj"; sourceTree = "<group>"; };
		7BAB309E223B4A23B6F5F36F /* Ionicons.ttf */ = {isa = PBXFileReference; explicitFileType = undefined; fileEncoding = 9; includeInIndex = 0; lastKnownFileType = unknown; name = Ionicons.ttf; path = "../node_modules/react-native-vector-icons/Fonts/Ionicons.ttf"; sourceTree = "<group>"; };
		832341B01AAA6A8300B99B32 /* RCTText.xcodeproj */ = {isa = PBXFileReference; lastKnownFileType = "wrapper.pb-project"; name = RCTText.xcodeproj; path = "../node_modules/react-native/Libraries/Text/RCTText.xcodeproj"; sourceTree = "<group>"; };
		8557EDCA40D34D28A3AAC597 /* Roboto_medium.ttf */ = {isa = PBXFileReference; explicitFileType = undefined; fileEncoding = 9; includeInIndex = 0; lastKnownFileType = unknown; name = Roboto_medium.ttf; path = "../node_modules/native-base/Fonts/Roboto_medium.ttf"; sourceTree = "<group>"; };
		8BAE1EB8BC704C7697557C8C /* RCTVideo.xcodeproj */ = {isa = PBXFileReference; explicitFileType = undefined; fileEncoding = 9; includeInIndex = 0; lastKnownFileType = "wrapper.pb-project"; name = RCTVideo.xcodeproj; path = "../node_modules/react-native-video/RCTVideo.xcodeproj"; sourceTree = "<group>"; };
		98D1B9999768496FBFB2D230 /* Entypo.ttf */ = {isa = PBXFileReference; explicitFileType = undefined; fileEncoding = 9; includeInIndex = 0; lastKnownFileType = unknown; name = Entypo.ttf; path = "../node_modules/react-native-vector-icons/Fonts/Entypo.ttf"; sourceTree = "<group>"; };
		99422D82CFB44D01A9B36C8B /* Arial.ttf */ = {isa = PBXFileReference; explicitFileType = undefined; fileEncoding = 9; includeInIndex = 0; lastKnownFileType = unknown; name = Arial.ttf; path = "../node_modules/native-base/Fonts/Arial.ttf"; sourceTree = "<group>"; };
		9CB7D2E3BE024C71B60888B9 /* Times New Roman.ttf */ = {isa = PBXFileReference; explicitFileType = undefined; fileEncoding = 9; includeInIndex = 0; lastKnownFileType = unknown; name = "Times New Roman.ttf"; path = "../node_modules/native-base/Fonts/Times New Roman.ttf"; sourceTree = "<group>"; };
		A011C62B8B304B13B116B84A /* libBVLinearGradient.a */ = {isa = PBXFileReference; explicitFileType = undefined; fileEncoding = 9; includeInIndex = 0; lastKnownFileType = archive.ar; path = libBVLinearGradient.a; sourceTree = "<group>"; };
		A0769BE554497F447F415744 /* libPods-gllu.a */ = {isa = PBXFileReference; explicitFileType = archive.ar; includeInIndex = 0; path = "libPods-gllu.a"; sourceTree = BUILT_PRODUCTS_DIR; };
		A33F83D9B2A64017897F4D81 /* BVLinearGradient.xcodeproj */ = {isa = PBXFileReference; explicitFileType = undefined; fileEncoding = 9; includeInIndex = 0; lastKnownFileType = "wrapper.pb-project"; name = BVLinearGradient.xcodeproj; path = "../node_modules/react-native-linear-gradient/BVLinearGradient.xcodeproj"; sourceTree = "<group>"; };
		AA7BD6E1D054348A56BE3EF9 /* Pods-gllu.debug.xcconfig */ = {isa = PBXFileReference; includeInIndex = 1; lastKnownFileType = text.xcconfig; name = "Pods-gllu.debug.xcconfig"; path = "Pods/Target Support Files/Pods-gllu/Pods-gllu.debug.xcconfig"; sourceTree = "<group>"; };
		BAA585B880EA41FAA144AFD6 /* ImageCropPicker.xcodeproj */ = {isa = PBXFileReference; explicitFileType = undefined; fileEncoding = 9; includeInIndex = 0; lastKnownFileType = "wrapper.pb-project"; name = ImageCropPicker.xcodeproj; path = "../node_modules/react-native-image-crop-picker/ios/ImageCropPicker.xcodeproj"; sourceTree = "<group>"; };
		BBF3BF47BAE842099CA57B8A /* Zocial.ttf */ = {isa = PBXFileReference; explicitFileType = undefined; fileEncoding = 9; includeInIndex = 0; lastKnownFileType = unknown; name = Zocial.ttf; path = "../node_modules/react-native-vector-icons/Fonts/Zocial.ttf"; sourceTree = "<group>"; };
		C088D1238D1B457992234ACE /* Arial Black.ttf */ = {isa = PBXFileReference; explicitFileType = undefined; fileEncoding = 9; includeInIndex = 0; lastKnownFileType = unknown; name = "Arial Black.ttf"; path = "../node_modules/native-base/Fonts/Arial Black.ttf"; sourceTree = "<group>"; };
		C1C23EDB4976439192ADB765 /* Georgia.ttf */ = {isa = PBXFileReference; explicitFileType = undefined; fileEncoding = 9; includeInIndex = 0; lastKnownFileType = unknown; name = Georgia.ttf; path = "../node_modules/native-base/Fonts/Georgia.ttf"; sourceTree = "<group>"; };
		CCB86FE5FBC94155832F3959 /* libz.tbd */ = {isa = PBXFileReference; explicitFileType = undefined; fileEncoding = 9; includeInIndex = 0; lastKnownFileType = "sourcecode.text-based-dylib-definition"; name = libz.tbd; path = usr/lib/libz.tbd; sourceTree = SDKROOT; };
		CEFBEA211E0C1E7300F793D1 /* Pods */ = {isa = PBXFileReference; lastKnownFileType = folder; path = Pods; sourceTree = "<group>"; };
		CEFBEA311E0C1EDA00F793D1 /* react-native-fbsdk */ = {isa = PBXFileReference; lastKnownFileType = folder; name = "react-native-fbsdk"; path = "../node_modules/react-native-fbsdk"; sourceTree = "<group>"; };
		CEFBEA341E0C1F0D00F793D1 /* FBSDKCoreKit.framework */ = {isa = PBXFileReference; lastKnownFileType = wrapper.framework; path = FBSDKCoreKit.framework; sourceTree = "<group>"; };
		CEFBEA361E0C1F2500F793D1 /* FBSDKCoreKit */ = {isa = PBXFileReference; lastKnownFileType = archive.ar; name = FBSDKCoreKit; path = FBSDKCoreKit.framework/FBSDKCoreKit; sourceTree = "<group>"; };
		CEFBEA381E0C1F4400F793D1 /* FBSDKCoreKit.h */ = {isa = PBXFileReference; lastKnownFileType = sourcecode.c.h; name = FBSDKCoreKit.h; path = FBSDKCoreKit.framework/Headers/FBSDKCoreKit.h; sourceTree = "<group>"; };
		CEFBEA3A1E0C1F6700F793D1 /* FBSDKShareKit.h */ = {isa = PBXFileReference; lastKnownFileType = sourcecode.c.h; name = FBSDKShareKit.h; path = FBSDKShareKit.framework/Headers/FBSDKShareKit.h; sourceTree = "<group>"; };
		CEFBEA4B1E0C205500F793D1 /* FBSDKCoreKit.h */ = {isa = PBXFileReference; lastKnownFileType = sourcecode.c.h; name = FBSDKCoreKit.h; path = Pods/FBSDKCoreKit/FBSDKCoreKit/FBSDKCoreKit/FBSDKCoreKit.h; sourceTree = "<group>"; };
		D03B93D01E13D5AF00DDE832 /* Montserrat-Bold.ttf */ = {isa = PBXFileReference; lastKnownFileType = file; name = "Montserrat-Bold.ttf"; path = "../fonts/Montserrat-Bold.ttf"; sourceTree = "<group>"; };
		D03B93D11E13D5AF00DDE832 /* Montserrat-Regular.ttf */ = {isa = PBXFileReference; lastKnownFileType = file; name = "Montserrat-Regular.ttf"; path = "../fonts/Montserrat-Regular.ttf"; sourceTree = "<group>"; };
		D03B93D21E13D5AF00DDE832 /* PlayfairDisplay-Black.ttf */ = {isa = PBXFileReference; lastKnownFileType = file; name = "PlayfairDisplay-Black.ttf"; path = "../fonts/PlayfairDisplay-Black.ttf"; sourceTree = "<group>"; };
		D03B93D31E13D5AF00DDE832 /* PlayfairDisplay-BlackItalic.ttf */ = {isa = PBXFileReference; lastKnownFileType = file; name = "PlayfairDisplay-BlackItalic.ttf"; path = "../fonts/PlayfairDisplay-BlackItalic.ttf"; sourceTree = "<group>"; };
		D03B93D41E13D5AF00DDE832 /* PlayfairDisplay-Bold.ttf */ = {isa = PBXFileReference; lastKnownFileType = file; name = "PlayfairDisplay-Bold.ttf"; path = "../fonts/PlayfairDisplay-Bold.ttf"; sourceTree = "<group>"; };
		D03B93D51E13D5AF00DDE832 /* PlayfairDisplay-BoldItalic.ttf */ = {isa = PBXFileReference; lastKnownFileType = file; name = "PlayfairDisplay-BoldItalic.ttf"; path = "../fonts/PlayfairDisplay-BoldItalic.ttf"; sourceTree = "<group>"; };
		D03B93D61E13D5AF00DDE832 /* PlayfairDisplay-Italic.ttf */ = {isa = PBXFileReference; lastKnownFileType = file; name = "PlayfairDisplay-Italic.ttf"; path = "../fonts/PlayfairDisplay-Italic.ttf"; sourceTree = "<group>"; };
		D03B93D71E13D5AF00DDE832 /* PlayfairDisplay-Regular.ttf */ = {isa = PBXFileReference; lastKnownFileType = file; name = "PlayfairDisplay-Regular.ttf"; path = "../fonts/PlayfairDisplay-Regular.ttf"; sourceTree = "<group>"; };
		D06643441E00E5F500DCEFDE /* libBolts.a */ = {isa = PBXFileReference; lastKnownFileType = archive.ar; name = libBolts.a; path = "../../../../Library/Developer/Xcode/DerivedData/gllu-dnnthniclmbftrawkveraoowjalq/Build/Products/Debug-iphonesimulator/Bolts/libBolts.a"; sourceTree = "<group>"; };
		D06643451E00E5F500DCEFDE /* libFBSDKCoreKit.a */ = {isa = PBXFileReference; lastKnownFileType = archive.ar; name = libFBSDKCoreKit.a; path = "../../../../Library/Developer/Xcode/DerivedData/gllu-dnnthniclmbftrawkveraoowjalq/Build/Products/Debug-iphonesimulator/FBSDKCoreKit/libFBSDKCoreKit.a"; sourceTree = "<group>"; };
		D06643461E00E5F500DCEFDE /* libFBSDKLoginKit.a */ = {isa = PBXFileReference; lastKnownFileType = archive.ar; name = libFBSDKLoginKit.a; path = "../../../../Library/Developer/Xcode/DerivedData/gllu-dnnthniclmbftrawkveraoowjalq/Build/Products/Debug-iphonesimulator/FBSDKLoginKit/libFBSDKLoginKit.a"; sourceTree = "<group>"; };
		D06643471E00E5F500DCEFDE /* libFBSDKShareKit.a */ = {isa = PBXFileReference; lastKnownFileType = archive.ar; name = libFBSDKShareKit.a; path = "../../../../Library/Developer/Xcode/DerivedData/gllu-dnnthniclmbftrawkveraoowjalq/Build/Products/Debug-iphonesimulator/FBSDKShareKit/libFBSDKShareKit.a"; sourceTree = "<group>"; };
		D06643481E00E5F500DCEFDE /* libPods-gllu.a */ = {isa = PBXFileReference; lastKnownFileType = archive.ar; name = "libPods-gllu.a"; path = "../../../../Library/Developer/Xcode/DerivedData/gllu-dnnthniclmbftrawkveraoowjalq/Build/Products/Debug-iphonesimulator/libPods-gllu.a"; sourceTree = "<group>"; };
		D0D574601E4373C700A32C7D /* FileUpload.m */ = {isa = PBXFileReference; fileEncoding = 4; lastKnownFileType = sourcecode.c.objc; name = FileUpload.m; path = "../node_modules/react-native-fileupload/FileUpload.m"; sourceTree = "<group>"; };
		D8DB6758286D4ED38746AAB6 /* libRCTVideo.a */ = {isa = PBXFileReference; explicitFileType = undefined; fileEncoding = 9; includeInIndex = 0; lastKnownFileType = archive.ar; path = libRCTVideo.a; sourceTree = "<group>"; };
		E16DC894766245298EE724D4 /* Andale Mono.ttf */ = {isa = PBXFileReference; explicitFileType = undefined; fileEncoding = 9; includeInIndex = 0; lastKnownFileType = unknown; name = "Andale Mono.ttf"; path = "../node_modules/native-base/Fonts/Andale Mono.ttf"; sourceTree = "<group>"; };
		E306EADEFCF3420F995D7665 /* ReactNativeConfig.xcodeproj */ = {isa = PBXFileReference; explicitFileType = undefined; fileEncoding = 9; includeInIndex = 0; lastKnownFileType = "wrapper.pb-project"; name = ReactNativeConfig.xcodeproj; path = "../node_modules/react-native-config/ios/ReactNativeConfig.xcodeproj"; sourceTree = "<group>"; };
		E84A8501BA8149F0A53F9964 /* Foundation.ttf */ = {isa = PBXFileReference; explicitFileType = undefined; fileEncoding = 9; includeInIndex = 0; lastKnownFileType = unknown; name = Foundation.ttf; path = "../node_modules/react-native-vector-icons/Fonts/Foundation.ttf"; sourceTree = "<group>"; };
		F49AC9E1EAB74B129ECDC20E /* Roboto.ttf */ = {isa = PBXFileReference; explicitFileType = undefined; fileEncoding = 9; includeInIndex = 0; lastKnownFileType = unknown; name = Roboto.ttf; path = "../node_modules/native-base/Fonts/Roboto.ttf"; sourceTree = "<group>"; };
		F806C0487C1A4BF7B4512C40 /* Comic Sans MS.ttf */ = {isa = PBXFileReference; explicitFileType = undefined; fileEncoding = 9; includeInIndex = 0; lastKnownFileType = unknown; name = "Comic Sans MS.ttf"; path = "../node_modules/native-base/Fonts/Comic Sans MS.ttf"; sourceTree = "<group>"; };
		F9EAE8D736B84131A0BE302D /* libCodePush.a */ = {isa = PBXFileReference; explicitFileType = undefined; fileEncoding = 9; includeInIndex = 0; lastKnownFileType = archive.ar; path = libCodePush.a; sourceTree = "<group>"; };
		FD6E163DAD9E4D3487A63A01 /* RCTFBSDK.xcodeproj */ = {isa = PBXFileReference; explicitFileType = undefined; fileEncoding = 9; includeInIndex = 0; lastKnownFileType = "wrapper.pb-project"; name = RCTFBSDK.xcodeproj; path = "../node_modules/react-native-fbsdk/ios/RCTFBSDK.xcodeproj"; sourceTree = "<group>"; };
/* End PBXFileReference section */

/* Begin PBXFrameworksBuildPhase section */
		00E356EB1AD99517003FC87E /* Frameworks */ = {
			isa = PBXFrameworksBuildPhase;
			buildActionMask = 2147483647;
			files = (
				140ED2AC1D01E1AD002B40FF /* libReact.a in Frameworks */,
			);
			runOnlyForDeploymentPostprocessing = 0;
		};
		13B07F8C1A680F5B00A75B9A /* Frameworks */ = {
			isa = PBXFrameworksBuildPhase;
			buildActionMask = 2147483647;
			files = (
				CEFBEA4C1E0C205500F793D1 /* FBSDKCoreKit.h in Frameworks */,
				D06643491E00E5F500DCEFDE /* libBolts.a in Frameworks */,
				D066434A1E00E5F500DCEFDE /* libFBSDKCoreKit.a in Frameworks */,
				D066434B1E00E5F500DCEFDE /* libFBSDKLoginKit.a in Frameworks */,
				D066434C1E00E5F500DCEFDE /* libFBSDKShareKit.a in Frameworks */,
				D066434D1E00E5F500DCEFDE /* libPods-gllu.a in Frameworks */,
				146834051AC3E58100842450 /* libReact.a in Frameworks */,
				00C302E51ABCBA2D00DB3ED1 /* libRCTActionSheet.a in Frameworks */,
				00C302E71ABCBA2D00DB3ED1 /* libRCTGeolocation.a in Frameworks */,
				636632ED1E3F468900BBB34D /* RSKImageCropper.framework in Frameworks */,
				00C302E81ABCBA2D00DB3ED1 /* libRCTImage.a in Frameworks */,
				133E29F31AD74F7200F7D852 /* libRCTLinking.a in Frameworks */,
				00C302E91ABCBA2D00DB3ED1 /* libRCTNetwork.a in Frameworks */,
				139105C61AF99C1200B5F7CC /* libRCTSettings.a in Frameworks */,
				832341BD1AAA6AB300B99B32 /* libRCTText.a in Frameworks */,
				00C302EA1ABCBA2D00DB3ED1 /* libRCTVibration.a in Frameworks */,
				139FDEF61B0652A700C62182 /* libRCTWebSocket.a in Frameworks */,
				DB843DEF3EA144819620A980 /* libRCTFBSDK.a in Frameworks */,
				1866995F8EB34FC1930BD50E /* libCodePush.a in Frameworks */,
				A99752E4EDCB40839A8AE3B6 /* libz.tbd in Frameworks */,
				9CB15071635240FE9A394C36 /* libRNVectorIcons.a in Frameworks */,
				E04365D97E43443DAB3325CC /* libRCTMaterialKit.a in Frameworks */,
				EC99D906B7C45F900C10F08F /* libPods-gllu.a in Frameworks */,
				BAEF612764A94B0486DDF744 /* libRCTOrientation.a in Frameworks */,
				D0530FF350DE4B5AAAD45C6F /* libimageCropPicker.a in Frameworks */,
				E0F12302FA8D4D1DABFB04DE /* libRCTVideo.a in Frameworks */,
				624A9EFA5E7E45039AD8BB01 /* libReactNativeConfig.a in Frameworks */,
				4A13ECC6B442412D8DE5CD9A /* libBVLinearGradient.a in Frameworks */,
			);
			runOnlyForDeploymentPostprocessing = 0;
		};
/* End PBXFrameworksBuildPhase section */

/* Begin PBXGroup section */
		00C302A81ABCB8CE00DB3ED1 /* Products */ = {
			isa = PBXGroup;
			children = (
				00C302AC1ABCB8CE00DB3ED1 /* libRCTActionSheet.a */,
			);
			name = Products;
			sourceTree = "<group>";
		};
		00C302B61ABCB90400DB3ED1 /* Products */ = {
			isa = PBXGroup;
			children = (
				00C302BA1ABCB90400DB3ED1 /* libRCTGeolocation.a */,
			);
			name = Products;
			sourceTree = "<group>";
		};
		00C302BC1ABCB91800DB3ED1 /* Products */ = {
			isa = PBXGroup;
			children = (
				00C302C01ABCB91800DB3ED1 /* libRCTImage.a */,
			);
			name = Products;
			sourceTree = "<group>";
		};
		00C302D41ABCB9D200DB3ED1 /* Products */ = {
			isa = PBXGroup;
			children = (
				00C302DC1ABCB9D200DB3ED1 /* libRCTNetwork.a */,
			);
			name = Products;
			sourceTree = "<group>";
		};
		00C302E01ABCB9EE00DB3ED1 /* Products */ = {
			isa = PBXGroup;
			children = (
				00C302E41ABCB9EE00DB3ED1 /* libRCTVibration.a */,
			);
			name = Products;
			sourceTree = "<group>";
		};
		00E356EF1AD99517003FC87E /* glluTests */ = {
			isa = PBXGroup;
			children = (
				00E356F21AD99517003FC87E /* glluTests.m */,
				00E356F01AD99517003FC87E /* Supporting Files */,
			);
			path = glluTests;
			sourceTree = "<group>";
		};
		00E356F01AD99517003FC87E /* Supporting Files */ = {
			isa = PBXGroup;
			children = (
				00E356F11AD99517003FC87E /* Info.plist */,
			);
			name = "Supporting Files";
			sourceTree = "<group>";
		};
		139105B71AF99BAD00B5F7CC /* Products */ = {
			isa = PBXGroup;
			children = (
				139105C11AF99BAD00B5F7CC /* libRCTSettings.a */,
			);
			name = Products;
			sourceTree = "<group>";
		};
		139FDEE71B06529A00C62182 /* Products */ = {
			isa = PBXGroup;
			children = (
				139FDEF41B06529B00C62182 /* libRCTWebSocket.a */,
			);
			name = Products;
			sourceTree = "<group>";
		};
		13B07FAE1A68108700A75B9A /* gllu */ = {
			isa = PBXGroup;
			children = (
				D0D574601E4373C700A32C7D /* FileUpload.m */,
				008F07F21AC5B25A0029DE68 /* main.jsbundle */,
				13B07FAF1A68108700A75B9A /* AppDelegate.h */,
				13B07FB01A68108700A75B9A /* AppDelegate.m */,
				13B07FB51A68108700A75B9A /* Images.xcassets */,
				13B07FB61A68108700A75B9A /* Info.plist */,
				13B07FB11A68108700A75B9A /* LaunchScreen.xib */,
				13B07FB71A68108700A75B9A /* main.m */,
			);
			name = gllu;
			sourceTree = "<group>";
		};
		146834001AC3E56700842450 /* Products */ = {
			isa = PBXGroup;
			children = (
				146834041AC3E56700842450 /* libReact.a */,
			);
			name = Products;
			sourceTree = "<group>";
		};
		5207B329129A4BDBBC0DEFAB /* Resources */ = {
			isa = PBXGroup;
			children = (
				D03B93D01E13D5AF00DDE832 /* Montserrat-Bold.ttf */,
				D03B93D11E13D5AF00DDE832 /* Montserrat-Regular.ttf */,
				D03B93D21E13D5AF00DDE832 /* PlayfairDisplay-Black.ttf */,
				D03B93D31E13D5AF00DDE832 /* PlayfairDisplay-BlackItalic.ttf */,
				D03B93D41E13D5AF00DDE832 /* PlayfairDisplay-Bold.ttf */,
				D03B93D51E13D5AF00DDE832 /* PlayfairDisplay-BoldItalic.ttf */,
				D03B93D61E13D5AF00DDE832 /* PlayfairDisplay-Italic.ttf */,
				D03B93D71E13D5AF00DDE832 /* PlayfairDisplay-Regular.ttf */,
				E16DC894766245298EE724D4 /* Andale Mono.ttf */,
				C088D1238D1B457992234ACE /* Arial Black.ttf */,
				99422D82CFB44D01A9B36C8B /* Arial.ttf */,
				F806C0487C1A4BF7B4512C40 /* Comic Sans MS.ttf */,
				500B07A619DA41C79E79CD12 /* Courier New.ttf */,
				C1C23EDB4976439192ADB765 /* Georgia.ttf */,
				17D3F07812774530A43EC6D4 /* Microsoft Sans Serif.ttf */,
				8557EDCA40D34D28A3AAC597 /* Roboto_medium.ttf */,
				F49AC9E1EAB74B129ECDC20E /* Roboto.ttf */,
				4F010170E6FB4AC494C7E102 /* SF-UI-Text-Regular.otf */,
				6C9C1E7C9F814080B4281DBB /* Skia.ttf */,
				9CB7D2E3BE024C71B60888B9 /* Times New Roman.ttf */,
				98D1B9999768496FBFB2D230 /* Entypo.ttf */,
				7759F09454634C7DA5E0989C /* EvilIcons.ttf */,
				6FDFABFC19A34E9E8EC2AF8A /* FontAwesome.ttf */,
				E84A8501BA8149F0A53F9964 /* Foundation.ttf */,
				7BAB309E223B4A23B6F5F36F /* Ionicons.ttf */,
				476C4CDE67FC4A89AB1B005D /* MaterialIcons.ttf */,
				33D88D6CB77D4E0F877BC10F /* Octicons.ttf */,
				BBF3BF47BAE842099CA57B8A /* Zocial.ttf */,
			);
			name = Resources;
			sourceTree = "<group>";
		};
		5404D6F11DDB311600AADB8F /* Frameworks */ = {
			isa = PBXGroup;
			children = (
				CEFBEA4B1E0C205500F793D1 /* FBSDKCoreKit.h */,
				CEFBEA3A1E0C1F6700F793D1 /* FBSDKShareKit.h */,
				CEFBEA381E0C1F4400F793D1 /* FBSDKCoreKit.h */,
				CEFBEA361E0C1F2500F793D1 /* FBSDKCoreKit */,
				CEFBEA341E0C1F0D00F793D1 /* FBSDKCoreKit.framework */,
				CEFBEA311E0C1EDA00F793D1 /* react-native-fbsdk */,
				CEFBEA211E0C1E7300F793D1 /* Pods */,
				D06643441E00E5F500DCEFDE /* libBolts.a */,
				D06643451E00E5F500DCEFDE /* libFBSDKCoreKit.a */,
				D06643461E00E5F500DCEFDE /* libFBSDKLoginKit.a */,
				D06643471E00E5F500DCEFDE /* libFBSDKShareKit.a */,
				D06643481E00E5F500DCEFDE /* libPods-gllu.a */,
				CCB86FE5FBC94155832F3959 /* libz.tbd */,
				A0769BE554497F447F415744 /* libPods-gllu.a */,
			);
			name = Frameworks;
			sourceTree = "<group>";
		};
		54FF13F61DDB27B300AD9539 /* Products */ = {
			isa = PBXGroup;
			children = (
				54FF13FB1DDB27B300AD9539 /* libRCTFBSDK.a */,
			);
			name = Products;
			sourceTree = "<group>";
		};
		6391412B1E436463004EABCC /* Products */ = {
			isa = PBXGroup;
			children = (
				6391412F1E436463004EABCC /* libBVLinearGradient.a */,
			);
			name = Products;
			sourceTree = "<group>";
		};
		78C398B11ACF4ADC00677621 /* Products */ = {
			isa = PBXGroup;
			children = (
				78C398B91ACF4ADC00677621 /* libRCTLinking.a */,
			);
			name = Products;
			sourceTree = "<group>";
		};
		832341AE1AAA6A7D00B99B32 /* Libraries */ = {
			isa = PBXGroup;
			children = (
				00E356EF1AD99517003FC87E /* glluTests */,
				146833FF1AC3E56700842450 /* React.xcodeproj */,
				00C302A71ABCB8CE00DB3ED1 /* RCTActionSheet.xcodeproj */,
				00C302B51ABCB90400DB3ED1 /* RCTGeolocation.xcodeproj */,
				00C302BB1ABCB91800DB3ED1 /* RCTImage.xcodeproj */,
				78C398B01ACF4ADC00677621 /* RCTLinking.xcodeproj */,
				00C302D31ABCB9D200DB3ED1 /* RCTNetwork.xcodeproj */,
				139105B61AF99BAD00B5F7CC /* RCTSettings.xcodeproj */,
				832341B01AAA6A8300B99B32 /* RCTText.xcodeproj */,
				00C302DF1ABCB9EE00DB3ED1 /* RCTVibration.xcodeproj */,
				139FDEE61B06529A00C62182 /* RCTWebSocket.xcodeproj */,
				FD6E163DAD9E4D3487A63A01 /* RCTFBSDK.xcodeproj */,
				65DD188C568749D9AC549134 /* CodePush.xcodeproj */,
				3BE0BE98BE3E4037ABFE58D8 /* RNVectorIcons.xcodeproj */,
				4C47E8351A744B15A5C35049 /* RCTMaterialKit.xcodeproj */,
				23B146EF27FC4F8688ADC480 /* RCTOrientation.xcodeproj */,
				BAA585B880EA41FAA144AFD6 /* ImageCropPicker.xcodeproj */,
				8BAE1EB8BC704C7697557C8C /* RCTVideo.xcodeproj */,
				A33F83D9B2A64017897F4D81 /* BVLinearGradient.xcodeproj */,
				E306EADEFCF3420F995D7665 /* ReactNativeConfig.xcodeproj */,
			);
			name = Libraries;
			sourceTree = "<group>";
		};
		832341B11AAA6A8300B99B32 /* Products */ = {
			isa = PBXGroup;
			children = (
				832341B51AAA6A8300B99B32 /* libRCTText.a */,
			);
			name = Products;
			sourceTree = "<group>";
		};
		83CBB9F61A601CBA00E9B192 = {
			isa = PBXGroup;
			children = (
				636632EC1E3F468900BBB34D /* RSKImageCropper.framework */,
				13B07FAE1A68108700A75B9A /* gllu */,
				832341AE1AAA6A7D00B99B32 /* Libraries */,
				83CBBA001A601CBA00E9B192 /* Products */,
				5404D6F11DDB311600AADB8F /* Frameworks */,
				C0ECE8847C0B633B836F8F3A /* Pods */,
				5207B329129A4BDBBC0DEFAB /* Resources */,
			);
			indentWidth = 2;
			sourceTree = "<group>";
			tabWidth = 2;
		};
		83CBBA001A601CBA00E9B192 /* Products */ = {
			isa = PBXGroup;
			children = (
				13B07F961A680F5B00A75B9A /* gllu.app */,
				00E356EE1AD99517003FC87E /* glluTests.xctest */,
			);
			name = Products;
			sourceTree = "<group>";
		};
		C0ECE8847C0B633B836F8F3A /* Pods */ = {
			isa = PBXGroup;
			children = (
				AA7BD6E1D054348A56BE3EF9 /* Pods-gllu.debug.xcconfig */,
				5044B8F4ACD152F0D70BF795 /* Pods-gllu.release.xcconfig */,
			);
			name = Pods;
			sourceTree = "<group>";
		};
		CE2E26D31E0D040800BFC37D /* Products */ = {
			isa = PBXGroup;
			children = (
				CE2E26D81E0D040800BFC37D /* libimageCropPicker.a */,
			);
			name = Products;
			sourceTree = "<group>";
		};
		CE6784061E0CDBC700B934F2 = {
			isa = PBXGroup;
			children = (
				CE5C5B041E1B82F0008B8C3C /* libRCTOrientation.a */,
			);
			sourceTree = "<unknown>";
		};
		CEFACEB01E232C5A00E6788B /* Products */ = {
			isa = PBXGroup;
			children = (
				CEFACEC11E232C5A00E6788B /* libRCTVideo.a */,
			);
			name = Products;
			sourceTree = "<group>";
		};
		D086B5811E005F4900E7D55F /* Products */ = {
			isa = PBXGroup;
			children = (
				D086B5891E005F4900E7D55F /* libCodePush.a */,
			);
			name = Products;
			sourceTree = "<group>";
		};
		D086B5831E005F4900E7D55F /* Products */ = {
			isa = PBXGroup;
			children = (
				D086B5991E005F4900E7D55F /* libRNVectorIcons.a */,
			);
			name = Products;
			sourceTree = "<group>";
		};
		D086B5851E005F4900E7D55F /* Products */ = {
			isa = PBXGroup;
			children = (
				D086B5901E005F4900E7D55F /* libRCTMaterialKit.a */,
			);
			name = Products;
			sourceTree = "<group>";
		};
		D09879B31E48F5EF00DCEB90 /* Products */ = {
			isa = PBXGroup;
			children = (
				D09879C81E48F5EF00DCEB90 /* libReactNativeConfig.a */,
			);
			name = Products;
			sourceTree = "<group>";
		};
/* End PBXGroup section */

/* Begin PBXNativeTarget section */
		00E356ED1AD99517003FC87E /* glluTests */ = {
			isa = PBXNativeTarget;
			buildConfigurationList = 00E357021AD99517003FC87E /* Build configuration list for PBXNativeTarget "glluTests" */;
			buildPhases = (
				00E356EA1AD99517003FC87E /* Sources */,
				00E356EB1AD99517003FC87E /* Frameworks */,
				00E356EC1AD99517003FC87E /* Resources */,
			);
			buildRules = (
			);
			dependencies = (
				00E356F51AD99517003FC87E /* PBXTargetDependency */,
			);
			name = glluTests;
			productName = glluTests;
			productReference = 00E356EE1AD99517003FC87E /* glluTests.xctest */;
			productType = "com.apple.product-type.bundle.unit-test";
		};
		13B07F861A680F5B00A75B9A /* gllu */ = {
			isa = PBXNativeTarget;
			buildConfigurationList = 13B07F931A680F5B00A75B9A /* Build configuration list for PBXNativeTarget "gllu" */;
			buildPhases = (
				A5ACA84231C9E0E5E444B343 /* [CP] Check Pods Manifest.lock */,
				13B07F871A680F5B00A75B9A /* Sources */,
				13B07F8C1A680F5B00A75B9A /* Frameworks */,
				13B07F8E1A680F5B00A75B9A /* Resources */,
				00DD1BFF1BD5951E006B06BC /* Bundle React Native code and images */,
				4CB65DC2654D57FC3E535290 /* [CP] Embed Pods Frameworks */,
				CBD018FCF1F379F04B7925D4 /* [CP] Copy Pods Resources */,
				636632EF1E3F468A00BBB34D /* Embed Frameworks */,
			);
			buildRules = (
			);
			dependencies = (
			);
			name = gllu;
			productName = "Hello World";
			productReference = 13B07F961A680F5B00A75B9A /* gllu.app */;
			productType = "com.apple.product-type.application";
		};
/* End PBXNativeTarget section */

/* Begin PBXProject section */
		83CBB9F71A601CBA00E9B192 /* Project object */ = {
			isa = PBXProject;
			attributes = {
				LastUpgradeCheck = 610;
				ORGANIZATIONNAME = Facebook;
				TargetAttributes = {
					00E356ED1AD99517003FC87E = {
						CreatedOnToolsVersion = 6.2;
						DevelopmentTeam = 26HQH5L7JA;
						TestTargetID = 13B07F861A680F5B00A75B9A;
					};
					13B07F861A680F5B00A75B9A = {
						DevelopmentTeam = 26HQH5L7JA;
						ProvisioningStyle = Automatic;
					};
				};
			};
			buildConfigurationList = 83CBB9FA1A601CBA00E9B192 /* Build configuration list for PBXProject "gllu" */;
			compatibilityVersion = "Xcode 3.2";
			developmentRegion = English;
			hasScannedForEncodings = 0;
			knownRegions = (
				en,
				Base,
			);
			mainGroup = 83CBB9F61A601CBA00E9B192;
			productRefGroup = 83CBBA001A601CBA00E9B192 /* Products */;
			projectDirPath = "";
			projectReferences = (
				{
					ProductGroup = 6391412B1E436463004EABCC /* Products */;
					ProjectRef = A33F83D9B2A64017897F4D81 /* BVLinearGradient.xcodeproj */;
				},
				{
					ProductGroup = D086B5811E005F4900E7D55F /* Products */;
					ProjectRef = 65DD188C568749D9AC549134 /* CodePush.xcodeproj */;
				},
				{
					ProductGroup = CE2E26D31E0D040800BFC37D /* Products */;
					ProjectRef = BAA585B880EA41FAA144AFD6 /* ImageCropPicker.xcodeproj */;
				},
				{
					ProductGroup = 00C302A81ABCB8CE00DB3ED1 /* Products */;
					ProjectRef = 00C302A71ABCB8CE00DB3ED1 /* RCTActionSheet.xcodeproj */;
				},
				{
					ProductGroup = 54FF13F61DDB27B300AD9539 /* Products */;
					ProjectRef = FD6E163DAD9E4D3487A63A01 /* RCTFBSDK.xcodeproj */;
				},
				{
					ProductGroup = 00C302B61ABCB90400DB3ED1 /* Products */;
					ProjectRef = 00C302B51ABCB90400DB3ED1 /* RCTGeolocation.xcodeproj */;
				},
				{
					ProductGroup = 00C302BC1ABCB91800DB3ED1 /* Products */;
					ProjectRef = 00C302BB1ABCB91800DB3ED1 /* RCTImage.xcodeproj */;
				},
				{
					ProductGroup = 78C398B11ACF4ADC00677621 /* Products */;
					ProjectRef = 78C398B01ACF4ADC00677621 /* RCTLinking.xcodeproj */;
				},
				{
					ProductGroup = D086B5851E005F4900E7D55F /* Products */;
					ProjectRef = 4C47E8351A744B15A5C35049 /* RCTMaterialKit.xcodeproj */;
				},
				{
					ProductGroup = 00C302D41ABCB9D200DB3ED1 /* Products */;
					ProjectRef = 00C302D31ABCB9D200DB3ED1 /* RCTNetwork.xcodeproj */;
				},
				{
					ProductGroup = CE6784061E0CDBC700B934F2;
					ProjectRef = 23B146EF27FC4F8688ADC480 /* RCTOrientation.xcodeproj */;
				},
				{
					ProductGroup = 139105B71AF99BAD00B5F7CC /* Products */;
					ProjectRef = 139105B61AF99BAD00B5F7CC /* RCTSettings.xcodeproj */;
				},
				{
					ProductGroup = 832341B11AAA6A8300B99B32 /* Products */;
					ProjectRef = 832341B01AAA6A8300B99B32 /* RCTText.xcodeproj */;
				},
				{
					ProductGroup = 00C302E01ABCB9EE00DB3ED1 /* Products */;
					ProjectRef = 00C302DF1ABCB9EE00DB3ED1 /* RCTVibration.xcodeproj */;
				},
				{
					ProductGroup = CEFACEB01E232C5A00E6788B /* Products */;
					ProjectRef = 8BAE1EB8BC704C7697557C8C /* RCTVideo.xcodeproj */;
				},
				{
					ProductGroup = 139FDEE71B06529A00C62182 /* Products */;
					ProjectRef = 139FDEE61B06529A00C62182 /* RCTWebSocket.xcodeproj */;
				},
				{
					ProductGroup = 146834001AC3E56700842450 /* Products */;
					ProjectRef = 146833FF1AC3E56700842450 /* React.xcodeproj */;
				},
				{
					ProductGroup = D09879B31E48F5EF00DCEB90 /* Products */;
					ProjectRef = E306EADEFCF3420F995D7665 /* ReactNativeConfig.xcodeproj */;
				},
				{
					ProductGroup = D086B5831E005F4900E7D55F /* Products */;
					ProjectRef = 3BE0BE98BE3E4037ABFE58D8 /* RNVectorIcons.xcodeproj */;
				},
			);
			projectRoot = "";
			targets = (
				13B07F861A680F5B00A75B9A /* gllu */,
				00E356ED1AD99517003FC87E /* glluTests */,
			);
		};
/* End PBXProject section */

/* Begin PBXReferenceProxy section */
		00C302AC1ABCB8CE00DB3ED1 /* libRCTActionSheet.a */ = {
			isa = PBXReferenceProxy;
			fileType = archive.ar;
			path = libRCTActionSheet.a;
			remoteRef = 00C302AB1ABCB8CE00DB3ED1 /* PBXContainerItemProxy */;
			sourceTree = BUILT_PRODUCTS_DIR;
		};
		00C302BA1ABCB90400DB3ED1 /* libRCTGeolocation.a */ = {
			isa = PBXReferenceProxy;
			fileType = archive.ar;
			path = libRCTGeolocation.a;
			remoteRef = 00C302B91ABCB90400DB3ED1 /* PBXContainerItemProxy */;
			sourceTree = BUILT_PRODUCTS_DIR;
		};
		00C302C01ABCB91800DB3ED1 /* libRCTImage.a */ = {
			isa = PBXReferenceProxy;
			fileType = archive.ar;
			path = libRCTImage.a;
			remoteRef = 00C302BF1ABCB91800DB3ED1 /* PBXContainerItemProxy */;
			sourceTree = BUILT_PRODUCTS_DIR;
		};
		00C302DC1ABCB9D200DB3ED1 /* libRCTNetwork.a */ = {
			isa = PBXReferenceProxy;
			fileType = archive.ar;
			path = libRCTNetwork.a;
			remoteRef = 00C302DB1ABCB9D200DB3ED1 /* PBXContainerItemProxy */;
			sourceTree = BUILT_PRODUCTS_DIR;
		};
		00C302E41ABCB9EE00DB3ED1 /* libRCTVibration.a */ = {
			isa = PBXReferenceProxy;
			fileType = archive.ar;
			path = libRCTVibration.a;
			remoteRef = 00C302E31ABCB9EE00DB3ED1 /* PBXContainerItemProxy */;
			sourceTree = BUILT_PRODUCTS_DIR;
		};
		139105C11AF99BAD00B5F7CC /* libRCTSettings.a */ = {
			isa = PBXReferenceProxy;
			fileType = archive.ar;
			path = libRCTSettings.a;
			remoteRef = 139105C01AF99BAD00B5F7CC /* PBXContainerItemProxy */;
			sourceTree = BUILT_PRODUCTS_DIR;
		};
		139FDEF41B06529B00C62182 /* libRCTWebSocket.a */ = {
			isa = PBXReferenceProxy;
			fileType = archive.ar;
			path = libRCTWebSocket.a;
			remoteRef = 139FDEF31B06529B00C62182 /* PBXContainerItemProxy */;
			sourceTree = BUILT_PRODUCTS_DIR;
		};
		146834041AC3E56700842450 /* libReact.a */ = {
			isa = PBXReferenceProxy;
			fileType = archive.ar;
			path = libReact.a;
			remoteRef = 146834031AC3E56700842450 /* PBXContainerItemProxy */;
			sourceTree = BUILT_PRODUCTS_DIR;
		};
		54FF13FB1DDB27B300AD9539 /* libRCTFBSDK.a */ = {
			isa = PBXReferenceProxy;
			fileType = archive.ar;
			path = libRCTFBSDK.a;
			remoteRef = 54FF13FA1DDB27B300AD9539 /* PBXContainerItemProxy */;
			sourceTree = BUILT_PRODUCTS_DIR;
		};
		6391412F1E436463004EABCC /* libBVLinearGradient.a */ = {
			isa = PBXReferenceProxy;
			fileType = archive.ar;
			path = libBVLinearGradient.a;
			remoteRef = 6391412E1E436463004EABCC /* PBXContainerItemProxy */;
			sourceTree = BUILT_PRODUCTS_DIR;
		};
		78C398B91ACF4ADC00677621 /* libRCTLinking.a */ = {
			isa = PBXReferenceProxy;
			fileType = archive.ar;
			path = libRCTLinking.a;
			remoteRef = 78C398B81ACF4ADC00677621 /* PBXContainerItemProxy */;
			sourceTree = BUILT_PRODUCTS_DIR;
		};
		832341B51AAA6A8300B99B32 /* libRCTText.a */ = {
			isa = PBXReferenceProxy;
			fileType = archive.ar;
			path = libRCTText.a;
			remoteRef = 832341B41AAA6A8300B99B32 /* PBXContainerItemProxy */;
			sourceTree = BUILT_PRODUCTS_DIR;
		};
		CE2E26D81E0D040800BFC37D /* libimageCropPicker.a */ = {
			isa = PBXReferenceProxy;
			fileType = archive.ar;
			path = libimageCropPicker.a;
			remoteRef = CE2E26D71E0D040800BFC37D /* PBXContainerItemProxy */;
			sourceTree = BUILT_PRODUCTS_DIR;
		};
		CE5C5B041E1B82F0008B8C3C /* libRCTOrientation.a */ = {
			isa = PBXReferenceProxy;
			fileType = archive.ar;
			path = libRCTOrientation.a;
			remoteRef = CE5C5B031E1B82F0008B8C3C /* PBXContainerItemProxy */;
			sourceTree = BUILT_PRODUCTS_DIR;
		};
		CEFACEC11E232C5A00E6788B /* libRCTVideo.a */ = {
			isa = PBXReferenceProxy;
			fileType = archive.ar;
			path = libRCTVideo.a;
			remoteRef = CEFACEC01E232C5A00E6788B /* PBXContainerItemProxy */;
			sourceTree = BUILT_PRODUCTS_DIR;
		};
		D086B5891E005F4900E7D55F /* libCodePush.a */ = {
			isa = PBXReferenceProxy;
			fileType = archive.ar;
			path = libCodePush.a;
			remoteRef = D086B5881E005F4900E7D55F /* PBXContainerItemProxy */;
			sourceTree = BUILT_PRODUCTS_DIR;
		};
		D086B5901E005F4900E7D55F /* libRCTMaterialKit.a */ = {
			isa = PBXReferenceProxy;
			fileType = archive.ar;
			path = libRCTMaterialKit.a;
			remoteRef = D086B58F1E005F4900E7D55F /* PBXContainerItemProxy */;
			sourceTree = BUILT_PRODUCTS_DIR;
		};
		D086B5991E005F4900E7D55F /* libRNVectorIcons.a */ = {
			isa = PBXReferenceProxy;
			fileType = archive.ar;
			path = libRNVectorIcons.a;
			remoteRef = D086B5981E005F4900E7D55F /* PBXContainerItemProxy */;
			sourceTree = BUILT_PRODUCTS_DIR;
		};
		D09879C81E48F5EF00DCEB90 /* libReactNativeConfig.a */ = {
			isa = PBXReferenceProxy;
			fileType = archive.ar;
			path = libReactNativeConfig.a;
			remoteRef = D09879C71E48F5EF00DCEB90 /* PBXContainerItemProxy */;
			sourceTree = BUILT_PRODUCTS_DIR;
		};
/* End PBXReferenceProxy section */

/* Begin PBXResourcesBuildPhase section */
		00E356EC1AD99517003FC87E /* Resources */ = {
			isa = PBXResourcesBuildPhase;
			buildActionMask = 2147483647;
			files = (
			);
			runOnlyForDeploymentPostprocessing = 0;
		};
		13B07F8E1A680F5B00A75B9A /* Resources */ = {
			isa = PBXResourcesBuildPhase;
			buildActionMask = 2147483647;
			files = (
				D03B93DF1E13D5AF00DDE832 /* PlayfairDisplay-Regular.ttf in Resources */,
				13B07FBF1A68108700A75B9A /* Images.xcassets in Resources */,
				D03B93DD1E13D5AF00DDE832 /* PlayfairDisplay-BoldItalic.ttf in Resources */,
				13B07FBD1A68108700A75B9A /* LaunchScreen.xib in Resources */,
				57DDA7698E1F4960A71E78A0 /* Andale Mono.ttf in Resources */,
				1FA1E659D055463B945A72D8 /* Arial Black.ttf in Resources */,
				D03B93DB1E13D5AF00DDE832 /* PlayfairDisplay-BlackItalic.ttf in Resources */,
				792ACA8802694CC7B71DD99A /* Arial.ttf in Resources */,
				22526CA9FC3947D18AE201AC /* Comic Sans MS.ttf in Resources */,
				4B83A7C864134355AFD01B42 /* Courier New.ttf in Resources */,
				D03B93DC1E13D5AF00DDE832 /* PlayfairDisplay-Bold.ttf in Resources */,
				C19A7827975440EE9833BBAD /* Georgia.ttf in Resources */,
				C3AA3960893448EBAEA6C9B8 /* Microsoft Sans Serif.ttf in Resources */,
				AACC05A1C0CE43759AEE30DB /* Roboto_medium.ttf in Resources */,
				FF6D81E1B9D54CB7B21B39BD /* Roboto.ttf in Resources */,
				77CC25145EAD4DABA136676C /* SF-UI-Text-Regular.otf in Resources */,
				D03B93DE1E13D5AF00DDE832 /* PlayfairDisplay-Italic.ttf in Resources */,
				4E052BF26E6D4B29966A767B /* Skia.ttf in Resources */,
				D03B93D91E13D5AF00DDE832 /* Montserrat-Regular.ttf in Resources */,
				98DEA545FFE14C6FA0CD3F4C /* Times New Roman.ttf in Resources */,
				1737D333132E43D688CFF506 /* Entypo.ttf in Resources */,
				5C684BDF724643C288E4DE94 /* EvilIcons.ttf in Resources */,
				D03B93DA1E13D5AF00DDE832 /* PlayfairDisplay-Black.ttf in Resources */,
				64C34B1020F44AC9A466E2F4 /* FontAwesome.ttf in Resources */,
				E1F82379AF874C81A759EF9E /* Foundation.ttf in Resources */,
				9A156E7A1C6340C8843C0D34 /* Ionicons.ttf in Resources */,
				00EE382FE39D42E48D6B5928 /* MaterialIcons.ttf in Resources */,
				D03B93D81E13D5AF00DDE832 /* Montserrat-Bold.ttf in Resources */,
				C54905B8E76E49A49BCA76CC /* Octicons.ttf in Resources */,
				5B26F3762A9E4C5B8DF166DA /* Zocial.ttf in Resources */,
			);
			runOnlyForDeploymentPostprocessing = 0;
		};
/* End PBXResourcesBuildPhase section */

/* Begin PBXShellScriptBuildPhase section */
		00DD1BFF1BD5951E006B06BC /* Bundle React Native code and images */ = {
			isa = PBXShellScriptBuildPhase;
			buildActionMask = 2147483647;
			files = (
			);
			inputPaths = (
			);
			name = "Bundle React Native code and images";
			outputPaths = (
			);
			runOnlyForDeploymentPostprocessing = 0;
			shellPath = /bin/sh;
			shellScript = "export NODE_BINARY=node\n../node_modules/react-native/packager/react-native-xcode.sh";
		};
		4CB65DC2654D57FC3E535290 /* [CP] Embed Pods Frameworks */ = {
			isa = PBXShellScriptBuildPhase;
			buildActionMask = 2147483647;
			files = (
			);
			inputPaths = (
			);
			name = "[CP] Embed Pods Frameworks";
			outputPaths = (
			);
			runOnlyForDeploymentPostprocessing = 0;
			shellPath = /bin/sh;
			shellScript = "\"${SRCROOT}/Pods/Target Support Files/Pods-gllu/Pods-gllu-frameworks.sh\"\n";
			showEnvVarsInLog = 0;
		};
		A5ACA84231C9E0E5E444B343 /* [CP] Check Pods Manifest.lock */ = {
			isa = PBXShellScriptBuildPhase;
			buildActionMask = 2147483647;
			files = (
			);
			inputPaths = (
			);
			name = "[CP] Check Pods Manifest.lock";
			outputPaths = (
			);
			runOnlyForDeploymentPostprocessing = 0;
			shellPath = /bin/sh;
			shellScript = "diff \"${PODS_ROOT}/../Podfile.lock\" \"${PODS_ROOT}/Manifest.lock\" > /dev/null\nif [ $? != 0 ] ; then\n    # print error to STDERR\n    echo \"error: The sandbox is not in sync with the Podfile.lock. Run 'pod install' or update your CocoaPods installation.\" >&2\n    exit 1\nfi\n";
			showEnvVarsInLog = 0;
		};
		CBD018FCF1F379F04B7925D4 /* [CP] Copy Pods Resources */ = {
			isa = PBXShellScriptBuildPhase;
			buildActionMask = 2147483647;
			files = (
			);
			inputPaths = (
			);
			name = "[CP] Copy Pods Resources";
			outputPaths = (
			);
			runOnlyForDeploymentPostprocessing = 0;
			shellPath = /bin/sh;
			shellScript = "\"${SRCROOT}/Pods/Target Support Files/Pods-gllu/Pods-gllu-resources.sh\"\n";
			showEnvVarsInLog = 0;
		};
/* End PBXShellScriptBuildPhase section */

/* Begin PBXSourcesBuildPhase section */
		00E356EA1AD99517003FC87E /* Sources */ = {
			isa = PBXSourcesBuildPhase;
			buildActionMask = 2147483647;
			files = (
				00E356F31AD99517003FC87E /* glluTests.m in Sources */,
			);
			runOnlyForDeploymentPostprocessing = 0;
		};
		13B07F871A680F5B00A75B9A /* Sources */ = {
			isa = PBXSourcesBuildPhase;
			buildActionMask = 2147483647;
			files = (
				D0D574611E4373C700A32C7D /* FileUpload.m in Sources */,
				13B07FBC1A68108700A75B9A /* AppDelegate.m in Sources */,
				13B07FC11A68108700A75B9A /* main.m in Sources */,
			);
			runOnlyForDeploymentPostprocessing = 0;
		};
/* End PBXSourcesBuildPhase section */

/* Begin PBXTargetDependency section */
		00E356F51AD99517003FC87E /* PBXTargetDependency */ = {
			isa = PBXTargetDependency;
			target = 13B07F861A680F5B00A75B9A /* gllu */;
			targetProxy = 00E356F41AD99517003FC87E /* PBXContainerItemProxy */;
		};
/* End PBXTargetDependency section */

/* Begin PBXVariantGroup section */
		13B07FB11A68108700A75B9A /* LaunchScreen.xib */ = {
			isa = PBXVariantGroup;
			children = (
				13B07FB21A68108700A75B9A /* Base */,
			);
			name = LaunchScreen.xib;
			path = gllu;
			sourceTree = "<group>";
		};
/* End PBXVariantGroup section */

/* Begin XCBuildConfiguration section */
		00E356F61AD99517003FC87E /* Debug */ = {
			isa = XCBuildConfiguration;
			buildSettings = {
				BUNDLE_LOADER = "$(TEST_HOST)";
				GCC_PREPROCESSOR_DEFINITIONS = (
					"DEBUG=1",
					"$(inherited)",
				);
				INFOPLIST_FILE = glluTests/Info.plist;
				IPHONEOS_DEPLOYMENT_TARGET = 8.0;
				LD_RUNPATH_SEARCH_PATHS = "$(inherited) @executable_path/Frameworks @loader_path/Frameworks";
				LIBRARY_SEARCH_PATHS = (
					"$(inherited)",
					"\"$(SRCROOT)/$(TARGET_NAME)\"",
					"\"$(SRCROOT)/$(TARGET_NAME)\"",
					"\"$(SRCROOT)/$(TARGET_NAME)\"",
					"\"$(SRCROOT)/$(TARGET_NAME)\"",
				);
				PRODUCT_NAME = "$(TARGET_NAME)";
				TEST_HOST = "$(BUILT_PRODUCTS_DIR)/gllu.app/gllu";
			};
			name = Debug;
		};
		00E356F71AD99517003FC87E /* Release */ = {
			isa = XCBuildConfiguration;
			buildSettings = {
				BUNDLE_LOADER = "$(TEST_HOST)";
				COPY_PHASE_STRIP = NO;
				INFOPLIST_FILE = glluTests/Info.plist;
				IPHONEOS_DEPLOYMENT_TARGET = 8.0;
				LD_RUNPATH_SEARCH_PATHS = "$(inherited) @executable_path/Frameworks @loader_path/Frameworks";
				LIBRARY_SEARCH_PATHS = (
					"$(inherited)",
					"\"$(SRCROOT)/$(TARGET_NAME)\"",
					"\"$(SRCROOT)/$(TARGET_NAME)\"",
					"\"$(SRCROOT)/$(TARGET_NAME)\"",
					"\"$(SRCROOT)/$(TARGET_NAME)\"",
				);
				PRODUCT_NAME = "$(TARGET_NAME)";
				TEST_HOST = "$(BUILT_PRODUCTS_DIR)/gllu.app/gllu";
			};
			name = Release;
		};
		13B07F941A680F5B00A75B9A /* Debug */ = {
			isa = XCBuildConfiguration;
			baseConfigurationReference = AA7BD6E1D054348A56BE3EF9 /* Pods-gllu.debug.xcconfig */;
			buildSettings = {
				ASSETCATALOG_COMPILER_APPICON_NAME = AppIcon;
				CODE_SIGN_IDENTITY = "iPhone Developer";
				"CODE_SIGN_IDENTITY[sdk=iphoneos*]" = "iPhone Developer";
				CURRENT_PROJECT_VERSION = 1;
				DEAD_CODE_STRIPPING = NO;
				DEVELOPMENT_TEAM = 26HQH5L7JA;
				FRAMEWORK_SEARCH_PATHS = (
					"$(inherited)",
					"$(PROJECT_DIR)",
				);
				"FRAMEWORK_SEARCH_PATHS[arch=*]" = /Users/udi/Documents/FacebookSDK;
				HEADER_SEARCH_PATHS = (
					"$(inherited)",
					/Applications/Xcode.app/Contents/Developer/Toolchains/XcodeDefault.xctoolchain/usr/include,
					"$(SRCROOT)/../node_modules/react-native/React/**",
					"$(SRCROOT)/../node_modules/react-native-fbsdk/ios/RCTFBSDK/**",
					"$(SRCROOT)/../node_modules/react-native-code-push/ios/CodePush/**",
					"$(SRCROOT)/../node_modules/react-native-vector-icons/RNVectorIconsManager",
					"$(SRCROOT)/../node_modules/react-native-material-kit/iOS/RCTMaterialKit",
					"$(SRCROOT)/../node_modules/react-native-orientation/iOS/RCTOrientation/**",
					"$(SRCROOT)/../node_modules/react-native-image-picker/ios",
					"$(SRCROOT)/../node_modules/react-native-image-crop-picker/ios/**",
					"$(SRCROOT)/../node_modules/react-native-video",
					"$(SRCROOT)/../node_modules/react-native-config/ios/ReactNativeConfig",
					"$(SRCROOT)/../node_modules/react-native-linear-gradient/BVLinearGradient",
					"$(SRCROOT)/../node_modules/react-native-config/ios/ReactNativeConfig",
				);
				INFOPLIST_FILE = gllu/Info.plist;
				INFOPLIST_OTHER_PREPROCESSOR_FLAGS = "-traditional";
				INFOPLIST_PREFIX_HEADER = "${CONFIGURATION_BUILD_DIR}/GeneratedInfoPlistDotEnv.h";
				INFOPLIST_PREPROCESS = YES;
				IPHONEOS_DEPLOYMENT_TARGET = 8.0;
				LD_RUNPATH_SEARCH_PATHS = "$(inherited) @executable_path/Frameworks";
				LIBRARY_SEARCH_PATHS = (
					"$(inherited)",
					"$(PROJECT_DIR)/build/Debug-iphoneos/Bolts",
					"$(PROJECT_DIR)/build/Debug-iphoneos/FBSDKCoreKit",
					"$(PROJECT_DIR)/build/Debug-iphoneos/FBSDKLoginKit",
					"$(PROJECT_DIR)/build/Debug-iphoneos/FBSDKShareKit",
					"$(PROJECT_DIR)/FBSDKCoreKit.framework",
				);
				OTHER_LDFLAGS = (
					"$(inherited)",
					"-ObjC",
					"-lc++",
				);
				PRODUCT_BUNDLE_IDENTIFIER = org.reactjs.native.com.gllu;
				PRODUCT_NAME = gllu;
				TARGETED_DEVICE_FAMILY = 1;
				VERSIONING_SYSTEM = "apple-generic";
			};
			name = Debug;
		};
		13B07F951A680F5B00A75B9A /* Release */ = {
			isa = XCBuildConfiguration;
			baseConfigurationReference = 5044B8F4ACD152F0D70BF795 /* Pods-gllu.release.xcconfig */;
			buildSettings = {
				ASSETCATALOG_COMPILER_APPICON_NAME = AppIcon;
				CODE_SIGN_IDENTITY = "iPhone Developer";
				"CODE_SIGN_IDENTITY[sdk=iphoneos*]" = "iPhone Developer";
				CURRENT_PROJECT_VERSION = 1;
				DEVELOPMENT_TEAM = 26HQH5L7JA;
				FRAMEWORK_SEARCH_PATHS = (
					"$(inherited)",
					"$(PROJECT_DIR)",
				);
				"FRAMEWORK_SEARCH_PATHS[arch=*]" = /Users/udi/Documents/FacebookSDK;
				HEADER_SEARCH_PATHS = (
					"$(inherited)",
					/Applications/Xcode.app/Contents/Developer/Toolchains/XcodeDefault.xctoolchain/usr/include,
					"$(SRCROOT)/../node_modules/react-native/React/**",
					"$(SRCROOT)/../node_modules/react-native-fbsdk/ios/RCTFBSDK/**",
					"$(SRCROOT)/../node_modules/react-native-code-push/ios/CodePush/**",
					"$(SRCROOT)/../node_modules/react-native-vector-icons/RNVectorIconsManager",
					"$(SRCROOT)/../node_modules/react-native-material-kit/iOS/RCTMaterialKit",
					"$(SRCROOT)/../node_modules/react-native-orientation/iOS/RCTOrientation/**",
					"$(SRCROOT)/../node_modules/react-native-image-picker/ios",
					"$(SRCROOT)/../node_modules/react-native-image-crop-picker/ios/**",
					"$(SRCROOT)/../node_modules/react-native-video",
					"$(SRCROOT)/../node_modules/react-native-config/ios/ReactNativeConfig",
					"$(SRCROOT)/../node_modules/react-native-linear-gradient/BVLinearGradient",
					"$(SRCROOT)/../node_modules/react-native-config/ios/ReactNativeConfig",
				);
				INFOPLIST_FILE = gllu/Info.plist;
				INFOPLIST_OTHER_PREPROCESSOR_FLAGS = "-traditional";
				INFOPLIST_PREFIX_HEADER = "${CONFIGURATION_BUILD_DIR}/GeneratedInfoPlistDotEnv.h";
				INFOPLIST_PREPROCESS = YES;
				IPHONEOS_DEPLOYMENT_TARGET = 8.0;
				LD_RUNPATH_SEARCH_PATHS = "$(inherited) @executable_path/Frameworks";
				LIBRARY_SEARCH_PATHS = (
					"$(inherited)",
					"$(PROJECT_DIR)/build/Debug-iphoneos/Bolts",
					"$(PROJECT_DIR)/build/Debug-iphoneos/FBSDKCoreKit",
					"$(PROJECT_DIR)/build/Debug-iphoneos/FBSDKLoginKit",
					"$(PROJECT_DIR)/build/Debug-iphoneos/FBSDKShareKit",
					"$(PROJECT_DIR)/FBSDKCoreKit.framework",
				);
				OTHER_LDFLAGS = (
					"$(inherited)",
					"-ObjC",
					"-lc++",
				);
				PRODUCT_BUNDLE_IDENTIFIER = org.reactjs.native.com.gllu;
				PRODUCT_NAME = gllu;
				TARGETED_DEVICE_FAMILY = 1;
				VERSIONING_SYSTEM = "apple-generic";
			};
			name = Release;
		};
		83CBBA201A601CBA00E9B192 /* Debug */ = {
			isa = XCBuildConfiguration;
			buildSettings = {
				ALWAYS_SEARCH_USER_PATHS = NO;
				CLANG_CXX_LANGUAGE_STANDARD = "gnu++0x";
				CLANG_CXX_LIBRARY = "libc++";
				CLANG_ENABLE_MODULES = YES;
				CLANG_ENABLE_OBJC_ARC = YES;
				CLANG_WARN_BOOL_CONVERSION = YES;
				CLANG_WARN_CONSTANT_CONVERSION = YES;
				CLANG_WARN_DIRECT_OBJC_ISA_USAGE = YES_ERROR;
				CLANG_WARN_EMPTY_BODY = YES;
				CLANG_WARN_ENUM_CONVERSION = YES;
				CLANG_WARN_INT_CONVERSION = YES;
				CLANG_WARN_OBJC_ROOT_CLASS = YES_ERROR;
				CLANG_WARN_UNREACHABLE_CODE = YES;
				CLANG_WARN__DUPLICATE_METHOD_MATCH = YES;
				CODEPUSH_KEY = "";
				"CODE_SIGN_IDENTITY[sdk=iphoneos*]" = "iPhone Developer";
				COPY_PHASE_STRIP = NO;
				DEVELOPMENT_TEAM = 26HQH5L7JA;
				ENABLE_STRICT_OBJC_MSGSEND = YES;
				GCC_C_LANGUAGE_STANDARD = gnu99;
				GCC_DYNAMIC_NO_PIC = NO;
				GCC_OPTIMIZATION_LEVEL = 0;
				GCC_PREPROCESSOR_DEFINITIONS = (
					"DEBUG=1",
					"$(inherited)",
				);
				GCC_SYMBOLS_PRIVATE_EXTERN = NO;
				GCC_WARN_64_TO_32_BIT_CONVERSION = YES;
				GCC_WARN_ABOUT_RETURN_TYPE = YES_ERROR;
				GCC_WARN_UNDECLARED_SELECTOR = YES;
				GCC_WARN_UNINITIALIZED_AUTOS = YES_AGGRESSIVE;
				GCC_WARN_UNUSED_FUNCTION = YES;
				GCC_WARN_UNUSED_VARIABLE = YES;
				HEADER_SEARCH_PATHS = (
					"$(inherited)",
					/Applications/Xcode.app/Contents/Developer/Toolchains/XcodeDefault.xctoolchain/usr/include,
					"$(SRCROOT)/../node_modules/react-native/React/**",
					"$(SRCROOT)/../node_modules/react-native-fbsdk/ios/RCTFBSDK/**",
					"$(SRCROOT)/../node_modules/react-native-code-push/ios/CodePush/**",
					"$(SRCROOT)/../node_modules/react-native-vector-icons/RNVectorIconsManager",
					"$(SRCROOT)/../node_modules/react-native-material-kit/iOS/RCTMaterialKit",
					"$(SRCROOT)/../node_modules/react-native-orientation/iOS/RCTOrientation/**",
					"$(SRCROOT)/../node_modules/react-native-image-picker/ios",
					"$(SRCROOT)/../node_modules/react-native-image-crop-picker/ios/**",
					"$(SRCROOT)/../node_modules/react-native-video",
					"$(SRCROOT)/../node_modules/react-native-config/ios/ReactNativeConfig",
					"$(SRCROOT)/../node_modules/react-native-linear-gradient/BVLinearGradient",
					"$(SRCROOT)/../node_modules/react-native-config/ios/ReactNativeConfig",
				);
				IPHONEOS_DEPLOYMENT_TARGET = 8.0;
				MTL_ENABLE_DEBUG_INFO = YES;
				ONLY_ACTIVE_ARCH = YES;
				SDKROOT = iphoneos;
			};
			name = Debug;
		};
		83CBBA211A601CBA00E9B192 /* Release */ = {
			isa = XCBuildConfiguration;
			buildSettings = {
				ALWAYS_SEARCH_USER_PATHS = NO;
				CLANG_CXX_LANGUAGE_STANDARD = "gnu++0x";
				CLANG_CXX_LIBRARY = "libc++";
				CLANG_ENABLE_MODULES = YES;
				CLANG_ENABLE_OBJC_ARC = YES;
				CLANG_WARN_BOOL_CONVERSION = YES;
				CLANG_WARN_CONSTANT_CONVERSION = YES;
				CLANG_WARN_DIRECT_OBJC_ISA_USAGE = YES_ERROR;
				CLANG_WARN_EMPTY_BODY = YES;
				CLANG_WARN_ENUM_CONVERSION = YES;
				CLANG_WARN_INT_CONVERSION = YES;
				CLANG_WARN_OBJC_ROOT_CLASS = YES_ERROR;
				CLANG_WARN_UNREACHABLE_CODE = YES;
				CLANG_WARN__DUPLICATE_METHOD_MATCH = YES;
				CODEPUSH_KEY = UHzuQxAopbR9Kcp24FqRntAOkrfGVkPDU6cPz;
				"CODE_SIGN_IDENTITY[sdk=iphoneos*]" = "iPhone Developer";
				COPY_PHASE_STRIP = YES;
				DEVELOPMENT_TEAM = 26HQH5L7JA;
				ENABLE_NS_ASSERTIONS = NO;
				ENABLE_STRICT_OBJC_MSGSEND = YES;
				GCC_C_LANGUAGE_STANDARD = gnu99;
				GCC_WARN_64_TO_32_BIT_CONVERSION = YES;
				GCC_WARN_ABOUT_RETURN_TYPE = YES_ERROR;
				GCC_WARN_UNDECLARED_SELECTOR = YES;
				GCC_WARN_UNINITIALIZED_AUTOS = YES_AGGRESSIVE;
				GCC_WARN_UNUSED_FUNCTION = YES;
				GCC_WARN_UNUSED_VARIABLE = YES;
				HEADER_SEARCH_PATHS = (
					"$(inherited)",
					/Applications/Xcode.app/Contents/Developer/Toolchains/XcodeDefault.xctoolchain/usr/include,
					"$(SRCROOT)/../node_modules/react-native/React/**",
					"$(SRCROOT)/../node_modules/react-native-fbsdk/ios/RCTFBSDK/**",
					"$(SRCROOT)/../node_modules/react-native-code-push/ios/CodePush/**",
					"$(SRCROOT)/../node_modules/react-native-vector-icons/RNVectorIconsManager",
					"$(SRCROOT)/../node_modules/react-native-material-kit/iOS/RCTMaterialKit",
					"$(SRCROOT)/../node_modules/react-native-orientation/iOS/RCTOrientation/**",
					"$(SRCROOT)/../node_modules/react-native-image-picker/ios",
					"$(SRCROOT)/../node_modules/react-native-image-crop-picker/ios/**",
					"$(SRCROOT)/../node_modules/react-native-video",
					"$(SRCROOT)/../node_modules/react-native-config/ios/ReactNativeConfig",
					"$(SRCROOT)/../node_modules/react-native-linear-gradient/BVLinearGradient",
					"$(SRCROOT)/../node_modules/react-native-config/ios/ReactNativeConfig",
				);
				IPHONEOS_DEPLOYMENT_TARGET = 8.0;
				MTL_ENABLE_DEBUG_INFO = NO;
				SDKROOT = iphoneos;
				VALIDATE_PRODUCT = YES;
			};
			name = Release;
		};
/* End XCBuildConfiguration section */

/* Begin XCConfigurationList section */
		00E357021AD99517003FC87E /* Build configuration list for PBXNativeTarget "glluTests" */ = {
			isa = XCConfigurationList;
			buildConfigurations = (
				00E356F61AD99517003FC87E /* Debug */,
				00E356F71AD99517003FC87E /* Release */,
			);
			defaultConfigurationIsVisible = 0;
			defaultConfigurationName = Release;
		};
		13B07F931A680F5B00A75B9A /* Build configuration list for PBXNativeTarget "gllu" */ = {
			isa = XCConfigurationList;
			buildConfigurations = (
				13B07F941A680F5B00A75B9A /* Debug */,
				13B07F951A680F5B00A75B9A /* Release */,
			);
			defaultConfigurationIsVisible = 0;
			defaultConfigurationName = Release;
		};
		83CBB9FA1A601CBA00E9B192 /* Build configuration list for PBXProject "gllu" */ = {
			isa = XCConfigurationList;
			buildConfigurations = (
				83CBBA201A601CBA00E9B192 /* Debug */,
				83CBBA211A601CBA00E9B192 /* Release */,
			);
			defaultConfigurationIsVisible = 0;
			defaultConfigurationName = Release;
		};
/* End XCConfigurationList section */
	};
	rootObject = 83CBB9F71A601CBA00E9B192 /* Project object */;
}
