PODS:
  - Bolts (1.8.4):
    - Bolts/AppLinks (= 1.8.4)
    - Bolts/Tasks (= 1.8.4)
  - Bolts/AppLinks (1.8.4):
    - Bolts/Tasks
  - Bolts/Tasks (1.8.4)
  - Crashlytics (3.8.4):
    - Fabric (~> 1.6.3)
  - Fabric (1.6.11)
  - FBSDKCoreKit (4.17.0):
    - Bolts (~> 1.7)
  - FBSDKLoginKit (4.17.0):
    - FBSDKCoreKit
  - FBSDKShareKit (4.17.0):
    - FBSDKCoreKit
  - Flurry-iOS-SDK/FlurrySDK (7.10.0)
  - QBImagePickerController (3.4.0)
  - RSKImageCropper (1.6.0)

DEPENDENCIES:
  - Crashlytics
  - Fabric
  - FBSDKCoreKit (= 4.17)
  - FBSDKLoginKit (= 4.17)
  - FBSDKShareKit (= 4.17)
  - Flurry-iOS-SDK/FlurrySDK
  - QBImagePickerController
  - RSKImageCropper

SPEC CHECKSUMS:
  Bolts: 8a7995239dbe724f9cba2248b766d48b7ebdd322
  Crashlytics: 79e236942ca1e7fc641df1feb9a275360a78ab6a
  Fabric: 5911403591946b8228ab1c51d98f1d7137e863c6
  FBSDKCoreKit: 30a21d2d7b92984b3d80497113433c00824c35e9
  FBSDKLoginKit: 42b7129ac0373ca99eaf4cbebf4d07bd42371f59
  FBSDKShareKit: 9b573d03fbee36cbaf42d5bb1f2bc019e0d72347
  Flurry-iOS-SDK: e6975df9e57010d582bf9bed0f6312553cf24bc2
  QBImagePickerController: d54cf93db6decf26baf6ed3472f336ef35cae022
  RSKImageCropper: 6903235c7a8a79acb1e1f3490e2c911b858f8208

PODFILE CHECKSUM: a33d1374d3a3e49412b1d71d4f76b923cf1a65bc

COCOAPODS: 1.2.0
