PODS:
  - Bolts (1.8.4):
    - Bolts/AppLinks (= 1.8.4)
    - Bolts/Tasks (= 1.8.4)
  - Bolts/AppLinks (1.8.4):
    - Bolts/Tasks
  - Bolts/Tasks (1.8.4)
  - FBSDKCoreKit (4.17.0):
    - Bolts (~> 1.7)
  - FBSDKLoginKit (4.17.0):
    - FBSDKCoreKit
  - FBSDKShareKit (4.17.0):
    - FBSDKCoreKit
  - Flurry-iOS-SDK/FlurrySDK (7.8.2)
  - QBImagePickerController (3.4.0)
  - RSKImageCropper (1.6.0)

DEPENDENCIES:
  - FBSDKCoreKit (= 4.17)
  - FBSDKLoginKit (= 4.17)
  - FBSDKShareKit (= 4.17)
  - Flurry-iOS-SDK/FlurrySDK
  - QBImagePickerController
  - RSKImageCropper

SPEC CHECKSUMS:
  Bolts: 8a7995239dbe724f9cba2248b766d48b7ebdd322
  FBSDKCoreKit: 30a21d2d7b92984b3d80497113433c00824c35e9
  FBSDKLoginKit: 42b7129ac0373ca99eaf4cbebf4d07bd42371f59
  FBSDKShareKit: 9b573d03fbee36cbaf42d5bb1f2bc019e0d72347
  Flurry-iOS-SDK: 8ed76252016d0162a893363c108a010ab97d424c
  QBImagePickerController: d54cf93db6decf26baf6ed3472f336ef35cae022
  RSKImageCropper: 6903235c7a8a79acb1e1f3490e2c911b858f8208

PODFILE CHECKSUM: cb8c48d94850171987ebab5ae1a490831da331b6

COCOAPODS: 1.2.0
